// !$*UTF8*$!
{
	archiveVersion = 1;
	classes = {
	};
	objectVersion = 50;
	objects = {

/* Begin PBXBuildFile section */
		10DF627C28E33A8338F39522 /* Pods_BayPass.framework in Frameworks */ = {isa = PBXBuildFile; fileRef = BC737C8C1C489644ABDDFE78 /* Pods_BayPass.framework */; };
		22049DA5214C9DF2007FF904 /* Assets.xcassets in Resources */ = {isa = PBXBuildFile; fileRef = 22049DA4214C9DF2007FF904 /* Assets.xcassets */; };
		22049DA8214C9DF2007FF904 /* LaunchScreen.storyboard in Resources */ = {isa = PBXBuildFile; fileRef = 22049DA6214C9DF2007FF904 /* LaunchScreen.storyboard */; };
		22049DB3214C9DF2007FF904 /* BayPassTests.swift in Sources */ = {isa = PBXBuildFile; fileRef = 22049DB2214C9DF2007FF904 /* BayPassTests.swift */; };
		22049DBE214C9DF3007FF904 /* TabBarUITests.swift in Sources */ = {isa = PBXBuildFile; fileRef = 22049DBD214C9DF3007FF904 /* TabBarUITests.swift */; };
		2212D7272179985400ADFE3D /* TabViewController.swift in Sources */ = {isa = PBXBuildFile; fileRef = 2212D7262179985400ADFE3D /* TabViewController.swift */; };
		2262C31221829BE3000586EE /* UIColor.swift in Sources */ = {isa = PBXBuildFile; fileRef = 2262C31121829BE3000586EE /* UIColor.swift */; };
		2262C31421829CE9000586EE /* ExtensionsTests.swift in Sources */ = {isa = PBXBuildFile; fileRef = 2262C31321829CE9000586EE /* ExtensionsTests.swift */; };
		2262C31621829E4A000586EE /* Collection.swift in Sources */ = {isa = PBXBuildFile; fileRef = 2262C31521829E4A000586EE /* Collection.swift */; };
		2262C31821829F79000586EE /* String.swift in Sources */ = {isa = PBXBuildFile; fileRef = 2262C31721829F79000586EE /* String.swift */; };
		2262C31A2182A165000586EE /* Localizable.strings in Resources */ = {isa = PBXBuildFile; fileRef = 2262C3192182A165000586EE /* Localizable.strings */; };
		2262C31C2182A3D1000586EE /* MKPolyline.swift in Sources */ = {isa = PBXBuildFile; fileRef = 2262C31B2182A3D1000586EE /* MKPolyline.swift */; };
		3F2A3909C8E024CD3AE14311 /* Pods_BayPassTests.framework in Frameworks */ = {isa = PBXBuildFile; fileRef = 6C9E10235387E04CAF9B6BB9 /* Pods_BayPassTests.framework */; };
		6A00918E217EAB1D0087A32B /* BikeDock.swift in Sources */ = {isa = PBXBuildFile; fileRef = 6A00918D217EAB1D0087A32B /* BikeDock.swift */; };
		6A009190217EACCD0087A32B /* Scooter.swift in Sources */ = {isa = PBXBuildFile; fileRef = 6A00918F217EACCD0087A32B /* Scooter.swift */; };
		6A009193217EAD820087A32B /* ScooterCompany.swift in Sources */ = {isa = PBXBuildFile; fileRef = 6A009192217EAD820087A32B /* ScooterCompany.swift */; };
		6A009196217EAF1A0087A32B /* ClipperCard.swift in Sources */ = {isa = PBXBuildFile; fileRef = 6A009195217EAF1A0087A32B /* ClipperCard.swift */; };
		6A009198217EAF800087A32B /* Pass.swift in Sources */ = {isa = PBXBuildFile; fileRef = 6A009197217EAF800087A32B /* Pass.swift */; };
		6A00919A217EAFFE0087A32B /* Ticket.swift in Sources */ = {isa = PBXBuildFile; fileRef = 6A009199217EAFFE0087A32B /* Ticket.swift */; };
		6A3F2CB621816B46006DA755 /* Routes.swift in Sources */ = {isa = PBXBuildFile; fileRef = 6A3F2CB521816B46006DA755 /* Routes.swift */; };
		6AAFCD1121853C59004021E8 /* AppDelegate.swift in Sources */ = {isa = PBXBuildFile; fileRef = 22049D9D214C9DF0007FF904 /* AppDelegate.swift */; };
		6AAFCD1421853C59004021E8 /* MapAnnotation.swift in Sources */ = {isa = PBXBuildFile; fileRef = 6A0ED235217BFA4B003CD497 /* MapAnnotation.swift */; };
		6AAFCD1621853C59004021E8 /* TabViewController.swift in Sources */ = {isa = PBXBuildFile; fileRef = 2212D7262179985400ADFE3D /* TabViewController.swift */; };
		6AAFCD1A21854723004021E8 /* ScooterCompanyTests.swift in Sources */ = {isa = PBXBuildFile; fileRef = 6AAFCD1921854723004021E8 /* ScooterCompanyTests.swift */; };
		6AB6ECFE21867F1700A81302 /* MapViewController.swift in Sources */ = {isa = PBXBuildFile; fileRef = 6AB6ECFB21867F1700A81302 /* MapViewController.swift */; };
		6AB6ECFF21867F1700A81302 /* ClipperViewController.swift in Sources */ = {isa = PBXBuildFile; fileRef = 6AB6ECFC21867F1700A81302 /* ClipperViewController.swift */; };
		6AB6ED0021867F1700A81302 /* TicketViewController.swift in Sources */ = {isa = PBXBuildFile; fileRef = 6AB6ECFD21867F1700A81302 /* TicketViewController.swift */; };
		6ABF9839218250B1006878E4 /* TransitMode.swift in Sources */ = {isa = PBXBuildFile; fileRef = 6ABF9834218250B0006878E4 /* TransitMode.swift */; };
		6ABF983A218250B1006878E4 /* Agency.swift in Sources */ = {isa = PBXBuildFile; fileRef = 6ABF9835218250B0006878E4 /* Agency.swift */; };
		6ABF983B218250B1006878E4 /* Line.swift in Sources */ = {isa = PBXBuildFile; fileRef = 6ABF9836218250B0006878E4 /* Line.swift */; };
		6ABF983C218250B1006878E4 /* Station.swift in Sources */ = {isa = PBXBuildFile; fileRef = 6ABF9837218250B1006878E4 /* Station.swift */; };
		99F786221FF0E8DAF44AE47F /* Pods_BayPassUITests.framework in Frameworks */ = {isa = PBXBuildFile; fileRef = 10BF9D28DD79B0405EBB5C4F /* Pods_BayPassUITests.framework */; };
/* End PBXBuildFile section */

/* Begin PBXContainerItemProxy section */
		22049DAF214C9DF2007FF904 /* PBXContainerItemProxy */ = {
			isa = PBXContainerItemProxy;
			containerPortal = 22049D92214C9DF0007FF904 /* Project object */;
			proxyType = 1;
			remoteGlobalIDString = 22049D99214C9DF0007FF904;
			remoteInfo = BayPass;
		};
		22049DBA214C9DF3007FF904 /* PBXContainerItemProxy */ = {
			isa = PBXContainerItemProxy;
			containerPortal = 22049D92214C9DF0007FF904 /* Project object */;
			proxyType = 1;
			remoteGlobalIDString = 22049D99214C9DF0007FF904;
			remoteInfo = BayPass;
		};
/* End PBXContainerItemProxy section */

/* Begin PBXFileReference section */
		10BF9D28DD79B0405EBB5C4F /* Pods_BayPassUITests.framework */ = {isa = PBXFileReference; explicitFileType = wrapper.framework; includeInIndex = 0; path = Pods_BayPassUITests.framework; sourceTree = BUILT_PRODUCTS_DIR; };
		1D31F2CAC184996691217676 /* Pods-BayPassUITests.release.xcconfig */ = {isa = PBXFileReference; includeInIndex = 1; lastKnownFileType = text.xcconfig; name = "Pods-BayPassUITests.release.xcconfig"; path = "Pods/Target Support Files/Pods-BayPassUITests/Pods-BayPassUITests.release.xcconfig"; sourceTree = "<group>"; };
		22049D9A214C9DF0007FF904 /* BayPass.app */ = {isa = PBXFileReference; explicitFileType = wrapper.application; includeInIndex = 0; path = BayPass.app; sourceTree = BUILT_PRODUCTS_DIR; };
		22049D9D214C9DF0007FF904 /* AppDelegate.swift */ = {isa = PBXFileReference; lastKnownFileType = sourcecode.swift; path = AppDelegate.swift; sourceTree = "<group>"; };
		22049DA4214C9DF2007FF904 /* Assets.xcassets */ = {isa = PBXFileReference; lastKnownFileType = folder.assetcatalog; path = Assets.xcassets; sourceTree = "<group>"; };
		22049DA7214C9DF2007FF904 /* Base */ = {isa = PBXFileReference; lastKnownFileType = file.storyboard; name = Base; path = Base.lproj/LaunchScreen.storyboard; sourceTree = "<group>"; };
		22049DA9214C9DF2007FF904 /* Info.plist */ = {isa = PBXFileReference; lastKnownFileType = text.plist.xml; path = Info.plist; sourceTree = "<group>"; };
		22049DAE214C9DF2007FF904 /* BayPassTests.xctest */ = {isa = PBXFileReference; explicitFileType = wrapper.cfbundle; includeInIndex = 0; path = BayPassTests.xctest; sourceTree = BUILT_PRODUCTS_DIR; };
		22049DB2214C9DF2007FF904 /* BayPassTests.swift */ = {isa = PBXFileReference; lastKnownFileType = sourcecode.swift; path = BayPassTests.swift; sourceTree = "<group>"; };
		22049DB4214C9DF2007FF904 /* Info.plist */ = {isa = PBXFileReference; lastKnownFileType = text.plist.xml; path = Info.plist; sourceTree = "<group>"; };
		22049DB9214C9DF3007FF904 /* BayPassUITests.xctest */ = {isa = PBXFileReference; explicitFileType = wrapper.cfbundle; includeInIndex = 0; path = BayPassUITests.xctest; sourceTree = BUILT_PRODUCTS_DIR; };
		22049DBD214C9DF3007FF904 /* TabBarUITests.swift */ = {isa = PBXFileReference; lastKnownFileType = sourcecode.swift; path = TabBarUITests.swift; sourceTree = "<group>"; };
		22049DBF214C9DF3007FF904 /* Info.plist */ = {isa = PBXFileReference; lastKnownFileType = text.plist.xml; path = Info.plist; sourceTree = "<group>"; };
		2212D7262179985400ADFE3D /* TabViewController.swift */ = {isa = PBXFileReference; lastKnownFileType = sourcecode.swift; path = TabViewController.swift; sourceTree = "<group>"; };
		2262C31121829BE3000586EE /* UIColor.swift */ = {isa = PBXFileReference; lastKnownFileType = sourcecode.swift; path = UIColor.swift; sourceTree = "<group>"; };
		2262C31321829CE9000586EE /* ExtensionsTests.swift */ = {isa = PBXFileReference; lastKnownFileType = sourcecode.swift; path = ExtensionsTests.swift; sourceTree = "<group>"; };
		2262C31521829E4A000586EE /* Collection.swift */ = {isa = PBXFileReference; lastKnownFileType = sourcecode.swift; path = Collection.swift; sourceTree = "<group>"; };
		2262C31721829F79000586EE /* String.swift */ = {isa = PBXFileReference; lastKnownFileType = sourcecode.swift; path = String.swift; sourceTree = "<group>"; };
		2262C3192182A165000586EE /* Localizable.strings */ = {isa = PBXFileReference; lastKnownFileType = text.plist.strings; path = Localizable.strings; sourceTree = "<group>"; };
		2262C31B2182A3D1000586EE /* MKPolyline.swift */ = {isa = PBXFileReference; lastKnownFileType = sourcecode.swift; path = MKPolyline.swift; sourceTree = "<group>"; };
		4D4F7368CE1FD8AB6E3F8FE1 /* Pods-BayPassTests.release.xcconfig */ = {isa = PBXFileReference; includeInIndex = 1; lastKnownFileType = text.xcconfig; name = "Pods-BayPassTests.release.xcconfig"; path = "Pods/Target Support Files/Pods-BayPassTests/Pods-BayPassTests.release.xcconfig"; sourceTree = "<group>"; };
		6A00918D217EAB1D0087A32B /* BikeDock.swift */ = {isa = PBXFileReference; lastKnownFileType = sourcecode.swift; path = BikeDock.swift; sourceTree = "<group>"; };
		6A00918F217EACCD0087A32B /* Scooter.swift */ = {isa = PBXFileReference; lastKnownFileType = sourcecode.swift; path = Scooter.swift; sourceTree = "<group>"; };
		6A009192217EAD820087A32B /* ScooterCompany.swift */ = {isa = PBXFileReference; lastKnownFileType = sourcecode.swift; path = ScooterCompany.swift; sourceTree = "<group>"; };
		6A009195217EAF1A0087A32B /* ClipperCard.swift */ = {isa = PBXFileReference; lastKnownFileType = sourcecode.swift; path = ClipperCard.swift; sourceTree = "<group>"; };
		6A009197217EAF800087A32B /* Pass.swift */ = {isa = PBXFileReference; lastKnownFileType = sourcecode.swift; path = Pass.swift; sourceTree = "<group>"; };
		6A009199217EAFFE0087A32B /* Ticket.swift */ = {isa = PBXFileReference; lastKnownFileType = sourcecode.swift; path = Ticket.swift; sourceTree = "<group>"; };
		6A0ED235217BFA4B003CD497 /* MapAnnotation.swift */ = {isa = PBXFileReference; lastKnownFileType = sourcecode.swift; name = MapAnnotation.swift; path = BayPass/MapAnnotation.swift; sourceTree = SOURCE_ROOT; };
		6A3F2CB521816B46006DA755 /* Routes.swift */ = {isa = PBXFileReference; lastKnownFileType = sourcecode.swift; path = Routes.swift; sourceTree = "<group>"; };
		6AAFCD1921854723004021E8 /* ScooterCompanyTests.swift */ = {isa = PBXFileReference; lastKnownFileType = sourcecode.swift; path = ScooterCompanyTests.swift; sourceTree = "<group>"; };
		6AB6ECFB21867F1700A81302 /* MapViewController.swift */ = {isa = PBXFileReference; fileEncoding = 4; lastKnownFileType = sourcecode.swift; path = MapViewController.swift; sourceTree = "<group>"; };
		6AB6ECFC21867F1700A81302 /* ClipperViewController.swift */ = {isa = PBXFileReference; fileEncoding = 4; lastKnownFileType = sourcecode.swift; path = ClipperViewController.swift; sourceTree = "<group>"; };
		6AB6ECFD21867F1700A81302 /* TicketViewController.swift */ = {isa = PBXFileReference; fileEncoding = 4; lastKnownFileType = sourcecode.swift; path = TicketViewController.swift; sourceTree = "<group>"; };
		6ABF9834218250B0006878E4 /* TransitMode.swift */ = {isa = PBXFileReference; fileEncoding = 4; lastKnownFileType = sourcecode.swift; path = TransitMode.swift; sourceTree = "<group>"; };
		6ABF9835218250B0006878E4 /* Agency.swift */ = {isa = PBXFileReference; fileEncoding = 4; lastKnownFileType = sourcecode.swift; path = Agency.swift; sourceTree = "<group>"; };
		6ABF9836218250B0006878E4 /* Line.swift */ = {isa = PBXFileReference; fileEncoding = 4; lastKnownFileType = sourcecode.swift; path = Line.swift; sourceTree = "<group>"; };
		6ABF9837218250B1006878E4 /* Station.swift */ = {isa = PBXFileReference; fileEncoding = 4; lastKnownFileType = sourcecode.swift; path = Station.swift; sourceTree = "<group>"; };
		6AE3578513C59E0ED24985ED /* Pods-BayPass.debug.xcconfig */ = {isa = PBXFileReference; includeInIndex = 1; lastKnownFileType = text.xcconfig; name = "Pods-BayPass.debug.xcconfig"; path = "Pods/Target Support Files/Pods-BayPass/Pods-BayPass.debug.xcconfig"; sourceTree = "<group>"; };
		6C9E10235387E04CAF9B6BB9 /* Pods_BayPassTests.framework */ = {isa = PBXFileReference; explicitFileType = wrapper.framework; includeInIndex = 0; path = Pods_BayPassTests.framework; sourceTree = BUILT_PRODUCTS_DIR; };
		A96336530BAD67EFB32EF7E0 /* Pods-BayPassTests.debug.xcconfig */ = {isa = PBXFileReference; includeInIndex = 1; lastKnownFileType = text.xcconfig; name = "Pods-BayPassTests.debug.xcconfig"; path = "Pods/Target Support Files/Pods-BayPassTests/Pods-BayPassTests.debug.xcconfig"; sourceTree = "<group>"; };
		BC737C8C1C489644ABDDFE78 /* Pods_BayPass.framework */ = {isa = PBXFileReference; explicitFileType = wrapper.framework; includeInIndex = 0; path = Pods_BayPass.framework; sourceTree = BUILT_PRODUCTS_DIR; };
		C4CE3C0E191A1E9A66EDDE84 /* Pods-BayPassUITests.debug.xcconfig */ = {isa = PBXFileReference; includeInIndex = 1; lastKnownFileType = text.xcconfig; name = "Pods-BayPassUITests.debug.xcconfig"; path = "Pods/Target Support Files/Pods-BayPassUITests/Pods-BayPassUITests.debug.xcconfig"; sourceTree = "<group>"; };
		F3C991BFA884D85FF2F805DF /* Pods-BayPass.release.xcconfig */ = {isa = PBXFileReference; includeInIndex = 1; lastKnownFileType = text.xcconfig; name = "Pods-BayPass.release.xcconfig"; path = "Pods/Target Support Files/Pods-BayPass/Pods-BayPass.release.xcconfig"; sourceTree = "<group>"; };
/* End PBXFileReference section */

/* Begin PBXFrameworksBuildPhase section */
		22049D97214C9DF0007FF904 /* Frameworks */ = {
			isa = PBXFrameworksBuildPhase;
			buildActionMask = 2147483647;
			files = (
				10DF627C28E33A8338F39522 /* Pods_BayPass.framework in Frameworks */,
			);
			runOnlyForDeploymentPostprocessing = 0;
		};
		22049DAB214C9DF2007FF904 /* Frameworks */ = {
			isa = PBXFrameworksBuildPhase;
			buildActionMask = 2147483647;
			files = (
				3F2A3909C8E024CD3AE14311 /* Pods_BayPassTests.framework in Frameworks */,
			);
			runOnlyForDeploymentPostprocessing = 0;
		};
		22049DB6214C9DF3007FF904 /* Frameworks */ = {
			isa = PBXFrameworksBuildPhase;
			buildActionMask = 2147483647;
			files = (
				99F786221FF0E8DAF44AE47F /* Pods_BayPassUITests.framework in Frameworks */,
			);
			runOnlyForDeploymentPostprocessing = 0;
		};
/* End PBXFrameworksBuildPhase section */

/* Begin PBXGroup section */
		22049D91214C9DF0007FF904 = {
			isa = PBXGroup;
			children = (
				22049D9C214C9DF0007FF904 /* BayPass */,
				22049DB1214C9DF2007FF904 /* BayPassTests */,
				22049DBC214C9DF3007FF904 /* BayPassUITests */,
				22049D9B214C9DF0007FF904 /* Products */,
				52C03E090F2FCB75E3C93ADB /* Pods */,
				E1C9A42F6ABBA89034F445B2 /* Frameworks */,
			);
			sourceTree = "<group>";
		};
		22049D9B214C9DF0007FF904 /* Products */ = {
			isa = PBXGroup;
			children = (
				22049D9A214C9DF0007FF904 /* BayPass.app */,
				22049DAE214C9DF2007FF904 /* BayPassTests.xctest */,
				22049DB9214C9DF3007FF904 /* BayPassUITests.xctest */,
			);
			name = Products;
			sourceTree = "<group>";
		};
		22049D9C214C9DF0007FF904 /* BayPass */ = {
			isa = PBXGroup;
			children = (
				6A3F2CB821816FE5006DA755 /* View */,
				6A3F2CB721816FD4006DA755 /* Model */,
				22049D9D214C9DF0007FF904 /* AppDelegate.swift */,
				2262C31021829BC6000586EE /* Extensions */,
				2212D7282179AD8800ADFE3D /* Controller */,
				22049DA4214C9DF2007FF904 /* Assets.xcassets */,
				22049DA6214C9DF2007FF904 /* LaunchScreen.storyboard */,
				22049DA9214C9DF2007FF904 /* Info.plist */,
				2262C3192182A165000586EE /* Localizable.strings */,
				6A0ED235217BFA4B003CD497 /* MapAnnotation.swift */,
			);
			path = BayPass;
			sourceTree = "<group>";
		};
		22049DB1214C9DF2007FF904 /* BayPassTests */ = {
			isa = PBXGroup;
			children = (
				2262C31321829CE9000586EE /* ExtensionsTests.swift */,
				22049DB2214C9DF2007FF904 /* BayPassTests.swift */,
				22049DB4214C9DF2007FF904 /* Info.plist */,
				6AAFCD1921854723004021E8 /* ScooterCompanyTests.swift */,
			);
			path = BayPassTests;
			sourceTree = "<group>";
		};
		22049DBC214C9DF3007FF904 /* BayPassUITests */ = {
			isa = PBXGroup;
			children = (
				22049DBD214C9DF3007FF904 /* TabBarUITests.swift */,
				22049DBF214C9DF3007FF904 /* Info.plist */,
			);
			path = BayPassUITests;
			sourceTree = "<group>";
		};
		2212D7282179AD8800ADFE3D /* Controller */ = {
			isa = PBXGroup;
			children = (
				6AB6ECFC21867F1700A81302 /* ClipperViewController.swift */,
				6AB6ECFB21867F1700A81302 /* MapViewController.swift */,
				6AB6ECFD21867F1700A81302 /* TicketViewController.swift */,
				2212D7262179985400ADFE3D /* TabViewController.swift */,
			);
			path = Controller;
			sourceTree = "<group>";
		};
		2262C31021829BC6000586EE /* Extensions */ = {
			isa = PBXGroup;
			children = (
				2262C31121829BE3000586EE /* UIColor.swift */,
				2262C31521829E4A000586EE /* Collection.swift */,
				2262C31721829F79000586EE /* String.swift */,
				2262C31B2182A3D1000586EE /* MKPolyline.swift */,
			);
			path = Extensions;
			sourceTree = "<group>";
		};
		52C03E090F2FCB75E3C93ADB /* Pods */ = {
			isa = PBXGroup;
			children = (
				6AE3578513C59E0ED24985ED /* Pods-BayPass.debug.xcconfig */,
				F3C991BFA884D85FF2F805DF /* Pods-BayPass.release.xcconfig */,
				A96336530BAD67EFB32EF7E0 /* Pods-BayPassTests.debug.xcconfig */,
				4D4F7368CE1FD8AB6E3F8FE1 /* Pods-BayPassTests.release.xcconfig */,
				C4CE3C0E191A1E9A66EDDE84 /* Pods-BayPassUITests.debug.xcconfig */,
				1D31F2CAC184996691217676 /* Pods-BayPassUITests.release.xcconfig */,
			);
			name = Pods;
			sourceTree = "<group>";
		};
		6A009191217EAD580087A32B /* Map */ = {
			isa = PBXGroup;
			children = (
				6ABF9835218250B0006878E4 /* Agency.swift */,
				6ABF9836218250B0006878E4 /* Line.swift */,
				6ABF9837218250B1006878E4 /* Station.swift */,
				6ABF9834218250B0006878E4 /* TransitMode.swift */,
				6A00918D217EAB1D0087A32B /* BikeDock.swift */,
				6A00918F217EACCD0087A32B /* Scooter.swift */,
				6A009192217EAD820087A32B /* ScooterCompany.swift */,
				6A3F2CB521816B46006DA755 /* Routes.swift */,
			);
			path = Map;
			sourceTree = "<group>";
		};
		6A009194217EAF090087A32B /* Ticket */ = {
			isa = PBXGroup;
			children = (
				6A009195217EAF1A0087A32B /* ClipperCard.swift */,
				6A009197217EAF800087A32B /* Pass.swift */,
				6A009199217EAFFE0087A32B /* Ticket.swift */,
			);
			path = Ticket;
			sourceTree = "<group>";
		};
		6A3F2CB721816FD4006DA755 /* Model */ = {
			isa = PBXGroup;
			children = (
				6A009191217EAD580087A32B /* Map */,
				6A009194217EAF090087A32B /* Ticket */,
			);
			path = Model;
			sourceTree = "<group>";
		};
		6A3F2CB821816FE5006DA755 /* View */ = {
			isa = PBXGroup;
			children = (
			);
			path = View;
			sourceTree = "<group>";
		};
		E1C9A42F6ABBA89034F445B2 /* Frameworks */ = {
			isa = PBXGroup;
			children = (
				BC737C8C1C489644ABDDFE78 /* Pods_BayPass.framework */,
				6C9E10235387E04CAF9B6BB9 /* Pods_BayPassTests.framework */,
				10BF9D28DD79B0405EBB5C4F /* Pods_BayPassUITests.framework */,
			);
			name = Frameworks;
			sourceTree = "<group>";
		};
/* End PBXGroup section */

/* Begin PBXNativeTarget section */
		22049D99214C9DF0007FF904 /* BayPass */ = {
			isa = PBXNativeTarget;
			buildConfigurationList = 22049DC2214C9DF3007FF904 /* Build configuration list for PBXNativeTarget "BayPass" */;
			buildPhases = (
				B9A2D893FD1E3C201701D762 /* [CP] Check Pods Manifest.lock */,
				22049D96214C9DF0007FF904 /* Sources */,
				22049D97214C9DF0007FF904 /* Frameworks */,
				22049D98214C9DF0007FF904 /* Resources */,
			);
			buildRules = (
			);
			dependencies = (
			);
			name = BayPass;
			productName = BayPass;
			productReference = 22049D9A214C9DF0007FF904 /* BayPass.app */;
			productType = "com.apple.product-type.application";
		};
		22049DAD214C9DF2007FF904 /* BayPassTests */ = {
			isa = PBXNativeTarget;
			buildConfigurationList = 22049DC5214C9DF3007FF904 /* Build configuration list for PBXNativeTarget "BayPassTests" */;
			buildPhases = (
				BAD53253751CFEF91C36FD04 /* [CP] Check Pods Manifest.lock */,
				2212D6F2216DD1B800ADFE3D /* SwiftFormat */,
				22049DAA214C9DF2007FF904 /* Sources */,
				22049DAB214C9DF2007FF904 /* Frameworks */,
				22049DAC214C9DF2007FF904 /* Resources */,
			);
			buildRules = (
			);
			dependencies = (
				22049DB0214C9DF2007FF904 /* PBXTargetDependency */,
			);
			name = BayPassTests;
			productName = BayPassTests;
			productReference = 22049DAE214C9DF2007FF904 /* BayPassTests.xctest */;
			productType = "com.apple.product-type.bundle.unit-test";
		};
		22049DB8214C9DF3007FF904 /* BayPassUITests */ = {
			isa = PBXNativeTarget;
			buildConfigurationList = 22049DC8214C9DF3007FF904 /* Build configuration list for PBXNativeTarget "BayPassUITests" */;
			buildPhases = (
				3CCE354F2A3225BA94F4DFAB /* [CP] Check Pods Manifest.lock */,
				22049DB5214C9DF3007FF904 /* Sources */,
				22049DB6214C9DF3007FF904 /* Frameworks */,
				22049DB7214C9DF3007FF904 /* Resources */,
			);
			buildRules = (
			);
			dependencies = (
				22049DBB214C9DF3007FF904 /* PBXTargetDependency */,
			);
			name = BayPassUITests;
			productName = BayPassUITests;
			productReference = 22049DB9214C9DF3007FF904 /* BayPassUITests.xctest */;
			productType = "com.apple.product-type.bundle.ui-testing";
		};
/* End PBXNativeTarget section */

/* Begin PBXProject section */
		22049D92214C9DF0007FF904 /* Project object */ = {
			isa = PBXProject;
			attributes = {
				LastSwiftUpdateCheck = 1000;
				LastUpgradeCheck = 1000;
				ORGANIZATIONNAME = "Tim Roesner";
				TargetAttributes = {
					22049D99214C9DF0007FF904 = {
						CreatedOnToolsVersion = 10.0;
					};
					22049DAD214C9DF2007FF904 = {
						CreatedOnToolsVersion = 10.0;
						TestTargetID = 22049D99214C9DF0007FF904;
					};
					22049DB8214C9DF3007FF904 = {
						CreatedOnToolsVersion = 10.0;
						TestTargetID = 22049D99214C9DF0007FF904;
					};
				};
			};
			buildConfigurationList = 22049D95214C9DF0007FF904 /* Build configuration list for PBXProject "BayPass" */;
			compatibilityVersion = "Xcode 9.3";
			developmentRegion = en;
			hasScannedForEncodings = 0;
			knownRegions = (
				en,
				Base,
			);
			mainGroup = 22049D91214C9DF0007FF904;
			productRefGroup = 22049D9B214C9DF0007FF904 /* Products */;
			projectDirPath = "";
			projectRoot = "";
			targets = (
				22049D99214C9DF0007FF904 /* BayPass */,
				22049DAD214C9DF2007FF904 /* BayPassTests */,
				22049DB8214C9DF3007FF904 /* BayPassUITests */,
			);
		};
/* End PBXProject section */

/* Begin PBXResourcesBuildPhase section */
		22049D98214C9DF0007FF904 /* Resources */ = {
			isa = PBXResourcesBuildPhase;
			buildActionMask = 2147483647;
			files = (
				22049DA8214C9DF2007FF904 /* LaunchScreen.storyboard in Resources */,
				2262C31A2182A165000586EE /* Localizable.strings in Resources */,
				22049DA5214C9DF2007FF904 /* Assets.xcassets in Resources */,
			);
			runOnlyForDeploymentPostprocessing = 0;
		};
		22049DAC214C9DF2007FF904 /* Resources */ = {
			isa = PBXResourcesBuildPhase;
			buildActionMask = 2147483647;
			files = (
			);
			runOnlyForDeploymentPostprocessing = 0;
		};
		22049DB7214C9DF3007FF904 /* Resources */ = {
			isa = PBXResourcesBuildPhase;
			buildActionMask = 2147483647;
			files = (
			);
			runOnlyForDeploymentPostprocessing = 0;
		};
/* End PBXResourcesBuildPhase section */

/* Begin PBXShellScriptBuildPhase section */
		2212D6F2216DD1B800ADFE3D /* SwiftFormat */ = {
			isa = PBXShellScriptBuildPhase;
			buildActionMask = 2147483647;
			files = (
			);
			inputFileListPaths = (
			);
			inputPaths = (
			);
			name = SwiftFormat;
			outputFileListPaths = (
			);
			outputPaths = (
			);
			runOnlyForDeploymentPostprocessing = 0;
			shellPath = /bin/sh;
			shellScript = "\"${PODS_ROOT}/SwiftFormat/CommandLineTool/swiftformat\" \"${SRCROOT}/BayPass\"\n";
		};
		3CCE354F2A3225BA94F4DFAB /* [CP] Check Pods Manifest.lock */ = {
			isa = PBXShellScriptBuildPhase;
			buildActionMask = 2147483647;
			files = (
			);
			inputPaths = (
				"${PODS_PODFILE_DIR_PATH}/Podfile.lock",
				"${PODS_ROOT}/Manifest.lock",
			);
			name = "[CP] Check Pods Manifest.lock";
			outputPaths = (
				"$(DERIVED_FILE_DIR)/Pods-BayPassUITests-checkManifestLockResult.txt",
			);
			runOnlyForDeploymentPostprocessing = 0;
			shellPath = /bin/sh;
			shellScript = "diff \"${PODS_PODFILE_DIR_PATH}/Podfile.lock\" \"${PODS_ROOT}/Manifest.lock\" > /dev/null\nif [ $? != 0 ] ; then\n    # print error to STDERR\n    echo \"error: The sandbox is not in sync with the Podfile.lock. Run 'pod install' or update your CocoaPods installation.\" >&2\n    exit 1\nfi\n# This output is used by Xcode 'outputs' to avoid re-running this script phase.\necho \"SUCCESS\" > \"${SCRIPT_OUTPUT_FILE_0}\"\n";
			showEnvVarsInLog = 0;
		};
		B9A2D893FD1E3C201701D762 /* [CP] Check Pods Manifest.lock */ = {
			isa = PBXShellScriptBuildPhase;
			buildActionMask = 2147483647;
			files = (
			);
			inputPaths = (
				"${PODS_PODFILE_DIR_PATH}/Podfile.lock",
				"${PODS_ROOT}/Manifest.lock",
			);
			name = "[CP] Check Pods Manifest.lock";
			outputPaths = (
				"$(DERIVED_FILE_DIR)/Pods-BayPass-checkManifestLockResult.txt",
			);
			runOnlyForDeploymentPostprocessing = 0;
			shellPath = /bin/sh;
			shellScript = "diff \"${PODS_PODFILE_DIR_PATH}/Podfile.lock\" \"${PODS_ROOT}/Manifest.lock\" > /dev/null\nif [ $? != 0 ] ; then\n    # print error to STDERR\n    echo \"error: The sandbox is not in sync with the Podfile.lock. Run 'pod install' or update your CocoaPods installation.\" >&2\n    exit 1\nfi\n# This output is used by Xcode 'outputs' to avoid re-running this script phase.\necho \"SUCCESS\" > \"${SCRIPT_OUTPUT_FILE_0}\"\n";
			showEnvVarsInLog = 0;
		};
		BAD53253751CFEF91C36FD04 /* [CP] Check Pods Manifest.lock */ = {
			isa = PBXShellScriptBuildPhase;
			buildActionMask = 2147483647;
			files = (
			);
			inputPaths = (
				"${PODS_PODFILE_DIR_PATH}/Podfile.lock",
				"${PODS_ROOT}/Manifest.lock",
			);
			name = "[CP] Check Pods Manifest.lock";
			outputPaths = (
				"$(DERIVED_FILE_DIR)/Pods-BayPassTests-checkManifestLockResult.txt",
			);
			runOnlyForDeploymentPostprocessing = 0;
			shellPath = /bin/sh;
			shellScript = "diff \"${PODS_PODFILE_DIR_PATH}/Podfile.lock\" \"${PODS_ROOT}/Manifest.lock\" > /dev/null\nif [ $? != 0 ] ; then\n    # print error to STDERR\n    echo \"error: The sandbox is not in sync with the Podfile.lock. Run 'pod install' or update your CocoaPods installation.\" >&2\n    exit 1\nfi\n# This output is used by Xcode 'outputs' to avoid re-running this script phase.\necho \"SUCCESS\" > \"${SCRIPT_OUTPUT_FILE_0}\"\n";
			showEnvVarsInLog = 0;
		};
/* End PBXShellScriptBuildPhase section */

/* Begin PBXSourcesBuildPhase section */
		22049D96214C9DF0007FF904 /* Sources */ = {
			isa = PBXSourcesBuildPhase;
			buildActionMask = 2147483647;
			files = (
				2262C31221829BE3000586EE /* UIColor.swift in Sources */,
				2262C31C2182A3D1000586EE /* MKPolyline.swift in Sources */,
				6A009193217EAD820087A32B /* ScooterCompany.swift in Sources */,
				6AAFCD1421853C59004021E8 /* MapAnnotation.swift in Sources */,
				6A009198217EAF800087A32B /* Pass.swift in Sources */,
				6A00919A217EAFFE0087A32B /* Ticket.swift in Sources */,
				6AB6ED0021867F1700A81302 /* TicketViewController.swift in Sources */,
				6AB6ECFF21867F1700A81302 /* ClipperViewController.swift in Sources */,
				6AB6ECFE21867F1700A81302 /* MapViewController.swift in Sources */,
				6A3F2CB621816B46006DA755 /* Routes.swift in Sources */,
				6ABF983B218250B1006878E4 /* Line.swift in Sources */,
				6A009190217EACCD0087A32B /* Scooter.swift in Sources */,
				6A00918E217EAB1D0087A32B /* BikeDock.swift in Sources */,
				2212D7272179985400ADFE3D /* TabViewController.swift in Sources */,
				2262C31621829E4A000586EE /* Collection.swift in Sources */,
				2262C31821829F79000586EE /* String.swift in Sources */,
				6AAFCD1121853C59004021E8 /* AppDelegate.swift in Sources */,
				6A009196217EAF1A0087A32B /* ClipperCard.swift in Sources */,
				6ABF9839218250B1006878E4 /* TransitMode.swift in Sources */,
				6AAFCD1621853C59004021E8 /* TabViewController.swift in Sources */,
				6ABF983A218250B1006878E4 /* Agency.swift in Sources */,
				6ABF983C218250B1006878E4 /* Station.swift in Sources */,
			);
			runOnlyForDeploymentPostprocessing = 0;
		};
		22049DAA214C9DF2007FF904 /* Sources */ = {
			isa = PBXSourcesBuildPhase;
			buildActionMask = 2147483647;
			files = (
				22049DB3214C9DF2007FF904 /* BayPassTests.swift in Sources */,
				2262C31421829CE9000586EE /* ExtensionsTests.swift in Sources */,
				6AAFCD1A21854723004021E8 /* ScooterCompanyTests.swift in Sources */,
			);
			runOnlyForDeploymentPostprocessing = 0;
		};
		22049DB5214C9DF3007FF904 /* Sources */ = {
			isa = PBXSourcesBuildPhase;
			buildActionMask = 2147483647;
			files = (
				22049DBE214C9DF3007FF904 /* TabBarUITests.swift in Sources */,
			);
			runOnlyForDeploymentPostprocessing = 0;
		};
/* End PBXSourcesBuildPhase section */

/* Begin PBXTargetDependency section */
		22049DB0214C9DF2007FF904 /* PBXTargetDependency */ = {
			isa = PBXTargetDependency;
			target = 22049D99214C9DF0007FF904 /* BayPass */;
			targetProxy = 22049DAF214C9DF2007FF904 /* PBXContainerItemProxy */;
		};
		22049DBB214C9DF3007FF904 /* PBXTargetDependency */ = {
			isa = PBXTargetDependency;
			target = 22049D99214C9DF0007FF904 /* BayPass */;
			targetProxy = 22049DBA214C9DF3007FF904 /* PBXContainerItemProxy */;
		};
/* End PBXTargetDependency section */

/* Begin PBXVariantGroup section */
		22049DA6214C9DF2007FF904 /* LaunchScreen.storyboard */ = {
			isa = PBXVariantGroup;
			children = (
				22049DA7214C9DF2007FF904 /* Base */,
			);
			name = LaunchScreen.storyboard;
			sourceTree = "<group>";
		};
/* End PBXVariantGroup section */

/* Begin XCBuildConfiguration section */
		22049DC0214C9DF3007FF904 /* Debug */ = {
			isa = XCBuildConfiguration;
			buildSettings = {
				ALWAYS_SEARCH_USER_PATHS = NO;
				CLANG_ANALYZER_NONNULL = YES;
				CLANG_ANALYZER_NUMBER_OBJECT_CONVERSION = YES_AGGRESSIVE;
				CLANG_CXX_LANGUAGE_STANDARD = "gnu++14";
				CLANG_CXX_LIBRARY = "libc++";
				CLANG_ENABLE_MODULES = YES;
				CLANG_ENABLE_OBJC_ARC = YES;
				CLANG_ENABLE_OBJC_WEAK = YES;
				CLANG_WARN_BLOCK_CAPTURE_AUTORELEASING = YES;
				CLANG_WARN_BOOL_CONVERSION = YES;
				CLANG_WARN_COMMA = YES;
				CLANG_WARN_CONSTANT_CONVERSION = YES;
				CLANG_WARN_DEPRECATED_OBJC_IMPLEMENTATIONS = YES;
				CLANG_WARN_DIRECT_OBJC_ISA_USAGE = YES_ERROR;
				CLANG_WARN_DOCUMENTATION_COMMENTS = YES;
				CLANG_WARN_EMPTY_BODY = YES;
				CLANG_WARN_ENUM_CONVERSION = YES;
				CLANG_WARN_INFINITE_RECURSION = YES;
				CLANG_WARN_INT_CONVERSION = YES;
				CLANG_WARN_NON_LITERAL_NULL_CONVERSION = YES;
				CLANG_WARN_OBJC_IMPLICIT_RETAIN_SELF = YES;
				CLANG_WARN_OBJC_LITERAL_CONVERSION = YES;
				CLANG_WARN_OBJC_ROOT_CLASS = YES_ERROR;
				CLANG_WARN_RANGE_LOOP_ANALYSIS = YES;
				CLANG_WARN_STRICT_PROTOTYPES = YES;
				CLANG_WARN_SUSPICIOUS_MOVE = YES;
				CLANG_WARN_UNGUARDED_AVAILABILITY = YES_AGGRESSIVE;
				CLANG_WARN_UNREACHABLE_CODE = YES;
				CLANG_WARN__DUPLICATE_METHOD_MATCH = YES;
				CODE_SIGN_IDENTITY = "iPhone Developer";
				COPY_PHASE_STRIP = NO;
				DEBUG_INFORMATION_FORMAT = dwarf;
				ENABLE_STRICT_OBJC_MSGSEND = YES;
				ENABLE_TESTABILITY = YES;
				GCC_C_LANGUAGE_STANDARD = gnu11;
				GCC_DYNAMIC_NO_PIC = NO;
				GCC_NO_COMMON_BLOCKS = YES;
				GCC_OPTIMIZATION_LEVEL = 0;
				GCC_PREPROCESSOR_DEFINITIONS = (
					"DEBUG=1",
					"$(inherited)",
				);
				GCC_WARN_64_TO_32_BIT_CONVERSION = YES;
				GCC_WARN_ABOUT_RETURN_TYPE = YES_ERROR;
				GCC_WARN_UNDECLARED_SELECTOR = YES;
				GCC_WARN_UNINITIALIZED_AUTOS = YES_AGGRESSIVE;
				GCC_WARN_UNUSED_FUNCTION = YES;
				GCC_WARN_UNUSED_VARIABLE = YES;
				IPHONEOS_DEPLOYMENT_TARGET = 10.0;
				MTL_ENABLE_DEBUG_INFO = INCLUDE_SOURCE;
				MTL_FAST_MATH = YES;
				ONLY_ACTIVE_ARCH = YES;
				SDKROOT = iphoneos;
				SWIFT_ACTIVE_COMPILATION_CONDITIONS = DEBUG;
				SWIFT_OPTIMIZATION_LEVEL = "-Onone";
			};
			name = Debug;
		};
		22049DC1214C9DF3007FF904 /* Release */ = {
			isa = XCBuildConfiguration;
			buildSettings = {
				ALWAYS_SEARCH_USER_PATHS = NO;
				CLANG_ANALYZER_NONNULL = YES;
				CLANG_ANALYZER_NUMBER_OBJECT_CONVERSION = YES_AGGRESSIVE;
				CLANG_CXX_LANGUAGE_STANDARD = "gnu++14";
				CLANG_CXX_LIBRARY = "libc++";
				CLANG_ENABLE_MODULES = YES;
				CLANG_ENABLE_OBJC_ARC = YES;
				CLANG_ENABLE_OBJC_WEAK = YES;
				CLANG_WARN_BLOCK_CAPTURE_AUTORELEASING = YES;
				CLANG_WARN_BOOL_CONVERSION = YES;
				CLANG_WARN_COMMA = YES;
				CLANG_WARN_CONSTANT_CONVERSION = YES;
				CLANG_WARN_DEPRECATED_OBJC_IMPLEMENTATIONS = YES;
				CLANG_WARN_DIRECT_OBJC_ISA_USAGE = YES_ERROR;
				CLANG_WARN_DOCUMENTATION_COMMENTS = YES;
				CLANG_WARN_EMPTY_BODY = YES;
				CLANG_WARN_ENUM_CONVERSION = YES;
				CLANG_WARN_INFINITE_RECURSION = YES;
				CLANG_WARN_INT_CONVERSION = YES;
				CLANG_WARN_NON_LITERAL_NULL_CONVERSION = YES;
				CLANG_WARN_OBJC_IMPLICIT_RETAIN_SELF = YES;
				CLANG_WARN_OBJC_LITERAL_CONVERSION = YES;
				CLANG_WARN_OBJC_ROOT_CLASS = YES_ERROR;
				CLANG_WARN_RANGE_LOOP_ANALYSIS = YES;
				CLANG_WARN_STRICT_PROTOTYPES = YES;
				CLANG_WARN_SUSPICIOUS_MOVE = YES;
				CLANG_WARN_UNGUARDED_AVAILABILITY = YES_AGGRESSIVE;
				CLANG_WARN_UNREACHABLE_CODE = YES;
				CLANG_WARN__DUPLICATE_METHOD_MATCH = YES;
				CODE_SIGN_IDENTITY = "iPhone Developer";
				COPY_PHASE_STRIP = NO;
				DEBUG_INFORMATION_FORMAT = "dwarf-with-dsym";
				ENABLE_NS_ASSERTIONS = NO;
				ENABLE_STRICT_OBJC_MSGSEND = YES;
				GCC_C_LANGUAGE_STANDARD = gnu11;
				GCC_NO_COMMON_BLOCKS = YES;
				GCC_WARN_64_TO_32_BIT_CONVERSION = YES;
				GCC_WARN_ABOUT_RETURN_TYPE = YES_ERROR;
				GCC_WARN_UNDECLARED_SELECTOR = YES;
				GCC_WARN_UNINITIALIZED_AUTOS = YES_AGGRESSIVE;
				GCC_WARN_UNUSED_FUNCTION = YES;
				GCC_WARN_UNUSED_VARIABLE = YES;
				IPHONEOS_DEPLOYMENT_TARGET = 10.0;
				MTL_ENABLE_DEBUG_INFO = NO;
				MTL_FAST_MATH = YES;
				SDKROOT = iphoneos;
				SWIFT_COMPILATION_MODE = wholemodule;
				SWIFT_OPTIMIZATION_LEVEL = "-O";
				VALIDATE_PRODUCT = YES;
			};
			name = Release;
		};
		22049DC3214C9DF3007FF904 /* Debug */ = {
			isa = XCBuildConfiguration;
			baseConfigurationReference = 6AE3578513C59E0ED24985ED /* Pods-BayPass.debug.xcconfig */;
			buildSettings = {
				ASSETCATALOG_COMPILER_APPICON_NAME = AppIcon;
				CODE_SIGN_STYLE = Automatic;
				DEVELOPMENT_TEAM = 7BT7DC73YL;
				INFOPLIST_FILE = BayPass/Info.plist;
				LD_RUNPATH_SEARCH_PATHS = (
					"$(inherited)",
					"@executable_path/Frameworks",
				);
				PRODUCT_BUNDLE_IDENTIFIER = com.timroesner.BayPass;
				PRODUCT_NAME = "$(TARGET_NAME)";
				SWIFT_VERSION = 4.2;
				TARGETED_DEVICE_FAMILY = 1;
			};
			name = Debug;
		};
		22049DC4214C9DF3007FF904 /* Release */ = {
			isa = XCBuildConfiguration;
			baseConfigurationReference = F3C991BFA884D85FF2F805DF /* Pods-BayPass.release.xcconfig */;
			buildSettings = {
				ASSETCATALOG_COMPILER_APPICON_NAME = AppIcon;
				CODE_SIGN_STYLE = Automatic;
				DEVELOPMENT_TEAM = 7BT7DC73YL;
				INFOPLIST_FILE = BayPass/Info.plist;
				LD_RUNPATH_SEARCH_PATHS = (
					"$(inherited)",
					"@executable_path/Frameworks",
				);
				PRODUCT_BUNDLE_IDENTIFIER = com.timroesner.BayPass;
				PRODUCT_NAME = "$(TARGET_NAME)";
				SWIFT_VERSION = 4.2;
				TARGETED_DEVICE_FAMILY = 1;
			};
			name = Release;
		};
		22049DC6214C9DF3007FF904 /* Debug */ = {
			isa = XCBuildConfiguration;
			baseConfigurationReference = A96336530BAD67EFB32EF7E0 /* Pods-BayPassTests.debug.xcconfig */;
			buildSettings = {
				ALWAYS_EMBED_SWIFT_STANDARD_LIBRARIES = YES;
				BUNDLE_LOADER = "$(TEST_HOST)";
				CODE_SIGN_STYLE = Automatic;
				DEVELOPMENT_TEAM = 7BT7DC73YL;
				INFOPLIST_FILE = BayPassTests/Info.plist;
				LD_RUNPATH_SEARCH_PATHS = (
					"$(inherited)",
					"@executable_path/Frameworks",
					"@loader_path/Frameworks",
				);
				PRODUCT_BUNDLE_IDENTIFIER = com.timroesner.BayPassTests;
				PRODUCT_NAME = "$(TARGET_NAME)";
				SWIFT_VERSION = 4.2;
				TARGETED_DEVICE_FAMILY = "1,2";
				TEST_HOST = "$(BUILT_PRODUCTS_DIR)/BayPass.app/BayPass";
			};
			name = Debug;
		};
		22049DC7214C9DF3007FF904 /* Release */ = {
			isa = XCBuildConfiguration;
			baseConfigurationReference = 4D4F7368CE1FD8AB6E3F8FE1 /* Pods-BayPassTests.release.xcconfig */;
			buildSettings = {
				ALWAYS_EMBED_SWIFT_STANDARD_LIBRARIES = YES;
				BUNDLE_LOADER = "$(TEST_HOST)";
				CODE_SIGN_STYLE = Automatic;
				DEVELOPMENT_TEAM = 7BT7DC73YL;
				INFOPLIST_FILE = BayPassTests/Info.plist;
				LD_RUNPATH_SEARCH_PATHS = (
					"$(inherited)",
					"@executable_path/Frameworks",
					"@loader_path/Frameworks",
				);
				PRODUCT_BUNDLE_IDENTIFIER = com.timroesner.BayPassTests;
				PRODUCT_NAME = "$(TARGET_NAME)";
				SWIFT_VERSION = 4.2;
				TARGETED_DEVICE_FAMILY = "1,2";
				TEST_HOST = "$(BUILT_PRODUCTS_DIR)/BayPass.app/BayPass";
			};
			name = Release;
		};
		22049DC9214C9DF3007FF904 /* Debug */ = {
			isa = XCBuildConfiguration;
			baseConfigurationReference = C4CE3C0E191A1E9A66EDDE84 /* Pods-BayPassUITests.debug.xcconfig */;
			buildSettings = {
				ALWAYS_EMBED_SWIFT_STANDARD_LIBRARIES = YES;
				CODE_SIGN_STYLE = Automatic;
				DEVELOPMENT_TEAM = 7BT7DC73YL;
				INFOPLIST_FILE = BayPassUITests/Info.plist;
				LD_RUNPATH_SEARCH_PATHS = (
					"$(inherited)",
					"@executable_path/Frameworks",
					"@loader_path/Frameworks",
				);
				PRODUCT_BUNDLE_IDENTIFIER = com.timroesner.BayPassUITests;
				PRODUCT_NAME = "$(TARGET_NAME)";
				SWIFT_VERSION = 4.2;
				TARGETED_DEVICE_FAMILY = "1,2";
				TEST_TARGET_NAME = BayPass;
			};
			name = Debug;
		};
		22049DCA214C9DF3007FF904 /* Release */ = {
			isa = XCBuildConfiguration;
			baseConfigurationReference = 1D31F2CAC184996691217676 /* Pods-BayPassUITests.release.xcconfig */;
			buildSettings = {
				ALWAYS_EMBED_SWIFT_STANDARD_LIBRARIES = YES;
				CODE_SIGN_STYLE = Automatic;
				DEVELOPMENT_TEAM = 7BT7DC73YL;
				INFOPLIST_FILE = BayPassUITests/Info.plist;
				LD_RUNPATH_SEARCH_PATHS = (
					"$(inherited)",
					"@executable_path/Frameworks",
					"@loader_path/Frameworks",
				);
				PRODUCT_BUNDLE_IDENTIFIER = com.timroesner.BayPassUITests;
				PRODUCT_NAME = "$(TARGET_NAME)";
				SWIFT_VERSION = 4.2;
				TARGETED_DEVICE_FAMILY = "1,2";
				TEST_TARGET_NAME = BayPass;
			};
			name = Release;
		};
/* End XCBuildConfiguration section */

/* Begin XCConfigurationList section */
		22049D95214C9DF0007FF904 /* Build configuration list for PBXProject "BayPass" */ = {
			isa = XCConfigurationList;
			buildConfigurations = (
				22049DC0214C9DF3007FF904 /* Debug */,
				22049DC1214C9DF3007FF904 /* Release */,
			);
			defaultConfigurationIsVisible = 0;
			defaultConfigurationName = Release;
		};
		22049DC2214C9DF3007FF904 /* Build configuration list for PBXNativeTarget "BayPass" */ = {
			isa = XCConfigurationList;
			buildConfigurations = (
				22049DC3214C9DF3007FF904 /* Debug */,
				22049DC4214C9DF3007FF904 /* Release */,
			);
			defaultConfigurationIsVisible = 0;
			defaultConfigurationName = Release;
		};
		22049DC5214C9DF3007FF904 /* Build configuration list for PBXNativeTarget "BayPassTests" */ = {
			isa = XCConfigurationList;
			buildConfigurations = (
				22049DC6214C9DF3007FF904 /* Debug */,
				22049DC7214C9DF3007FF904 /* Release */,
			);
			defaultConfigurationIsVisible = 0;
			defaultConfigurationName = Release;
		};
		22049DC8214C9DF3007FF904 /* Build configuration list for PBXNativeTarget "BayPassUITests" */ = {
			isa = XCConfigurationList;
			buildConfigurations = (
				22049DC9214C9DF3007FF904 /* Debug */,
				22049DCA214C9DF3007FF904 /* Release */,
			);
			defaultConfigurationIsVisible = 0;
			defaultConfigurationName = Release;
		};
/* End XCConfigurationList section */
	};
	rootObject = 22049D92214C9DF0007FF904 /* Project object */;
}
