// !$*UTF8*$!
{
	archiveVersion = 1;
	classes = {
	};
	objectVersion = 50;
	objects = {

/* Begin PBXBuildFile section */
		10DF627C28E33A8338F39522 /* Pods_BayPass.framework in Frameworks */ = {isa = PBXBuildFile; fileRef = BC737C8C1C489644ABDDFE78 /* Pods_BayPass.framework */; };
		14E6B9D8AC4F6EB59D85DB4C /* libPods-BayPassUITests.a in Frameworks */ = {isa = PBXBuildFile; fileRef = 62B2E1F74981CC584A06A053 /* libPods-BayPassUITests.a */; };
		22049DA8214C9DF2007FF904 /* LaunchScreen.storyboard in Resources */ = {isa = PBXBuildFile; fileRef = 22049DA6214C9DF2007FF904 /* LaunchScreen.storyboard */; };
		22049DBE214C9DF3007FF904 /* TabBarUITests.swift in Sources */ = {isa = PBXBuildFile; fileRef = 22049DBD214C9DF3007FF904 /* TabBarUITests.swift */; };
		2212935C223B0C080098D52F /* Lime.swift in Sources */ = {isa = PBXBuildFile; fileRef = 2212935B223B0C080098D52F /* Lime.swift */; };
		2212935E223B0F380098D52F /* LimeTests.swift in Sources */ = {isa = PBXBuildFile; fileRef = 2212935D223B0F380098D52F /* LimeTests.swift */; };
		2212D7272179985400ADFE3D /* TabViewController.swift in Sources */ = {isa = PBXBuildFile; fileRef = 2212D7262179985400ADFE3D /* TabViewController.swift */; };
		2227C3EA219C198A00053294 /* CAGradientLayer.swift in Sources */ = {isa = PBXBuildFile; fileRef = 2227C3E9219C198A00053294 /* CAGradientLayer.swift */; };
		2227C3ED219C1A8D00053294 /* TicketView.swift in Sources */ = {isa = PBXBuildFile; fileRef = 2227C3EC219C1A8D00053294 /* TicketView.swift */; };
		2227C3F0219CBE0C00053294 /* TicketViewTests.swift in Sources */ = {isa = PBXBuildFile; fileRef = 2227C3EF219CBE0C00053294 /* TicketViewTests.swift */; };
		222A926D221A6D0200FD1367 /* GoogleMaps.swift in Sources */ = {isa = PBXBuildFile; fileRef = 222A926C221A6D0200FD1367 /* GoogleMaps.swift */; };
		222A926F221A721D00FD1367 /* GoogleMapsTests.swift in Sources */ = {isa = PBXBuildFile; fileRef = 222A926E221A721D00FD1367 /* GoogleMapsTests.swift */; };
		222A9274221A734000FD1367 /* GoogleDirections.json in Resources */ = {isa = PBXBuildFile; fileRef = 222A9273221A734000FD1367 /* GoogleDirections.json */; };
		222A9276221A7DE900FD1367 /* GMPolyline.swift in Sources */ = {isa = PBXBuildFile; fileRef = 222A9275221A7DE900FD1367 /* GMPolyline.swift */; };
		2235A97321B8F672009EDAC7 /* Credentials.swift in Sources */ = {isa = PBXBuildFile; fileRef = 227796CB21B6251F00BAF6BA /* Credentials.swift */; };
		223AF96E22265949009EA730 /* StationSearchResultTableViewCell.swift in Sources */ = {isa = PBXBuildFile; fileRef = 223AF96D22265949009EA730 /* StationSearchResultTableViewCell.swift */; };
		223AF97022278209009EA730 /* StationSearchResultTableViewCellTests.swift in Sources */ = {isa = PBXBuildFile; fileRef = 223AF96F22278209009EA730 /* StationSearchResultTableViewCellTests.swift */; };
		223AF97222278965009EA730 /* DestinationSearchResultTableViewCell.swift in Sources */ = {isa = PBXBuildFile; fileRef = 223AF97122278965009EA730 /* DestinationSearchResultTableViewCell.swift */; };
		223AF97422279289009EA730 /* DestinationSearchResultTableViewCellTests.swift in Sources */ = {isa = PBXBuildFile; fileRef = 223AF97322279289009EA730 /* DestinationSearchResultTableViewCellTests.swift */; };
		2245E8852263234900A3F088 /* TVCCollectionView.swift in Sources */ = {isa = PBXBuildFile; fileRef = 2245E8842263234900A3F088 /* TVCCollectionView.swift */; };
		2245E8872263238400A3F088 /* TVCTableView.swift in Sources */ = {isa = PBXBuildFile; fileRef = 2245E8862263238400A3F088 /* TVCTableView.swift */; };
		224662E12228F7D200E86C66 /* SearchViewController.swift in Sources */ = {isa = PBXBuildFile; fileRef = 224662E02228F7D200E86C66 /* SearchViewController.swift */; };
		224662E32228FC9B00E86C66 /* MoveIndicator.swift in Sources */ = {isa = PBXBuildFile; fileRef = 224662E22228FC9B00E86C66 /* MoveIndicator.swift */; };
		224662E52229011F00E86C66 /* SVCDelegate.swift in Sources */ = {isa = PBXBuildFile; fileRef = 224662E42229011F00E86C66 /* SVCDelegate.swift */; };
		224662E72229031300E86C66 /* MVCSearchDelegate.swift in Sources */ = {isa = PBXBuildFile; fileRef = 224662E62229031300E86C66 /* MVCSearchDelegate.swift */; };
		224662E92229059500E86C66 /* SVCTableView.swift in Sources */ = {isa = PBXBuildFile; fileRef = 224662E82229059500E86C66 /* SVCTableView.swift */; };
		224662EB2229136100E86C66 /* MVCLocationManager.swift in Sources */ = {isa = PBXBuildFile; fileRef = 224662EA2229136100E86C66 /* MVCLocationManager.swift */; };
		224662ED2229142100E86C66 /* SVCSearchBar.swift in Sources */ = {isa = PBXBuildFile; fileRef = 224662EC2229142100E86C66 /* SVCSearchBar.swift */; };
		224662EF22291EC600E86C66 /* MVCOverlay.swift in Sources */ = {isa = PBXBuildFile; fileRef = 224662EE22291EC600E86C66 /* MVCOverlay.swift */; };
		224662F12229204200E86C66 /* EmptyView.swift in Sources */ = {isa = PBXBuildFile; fileRef = 224662F02229204200E86C66 /* EmptyView.swift */; };
		224662F3222B4B3200E86C66 /* MVCDestinationRouting.swift in Sources */ = {isa = PBXBuildFile; fileRef = 224662F2222B4B3200E86C66 /* MVCDestinationRouting.swift */; };
		224662F5222B4BE600E86C66 /* UIViewController.swift in Sources */ = {isa = PBXBuildFile; fileRef = 224662F4222B4BE600E86C66 /* UIViewController.swift */; };
		224662F7222B557600E86C66 /* SearchFloatView.swift in Sources */ = {isa = PBXBuildFile; fileRef = 224662F6222B557600E86C66 /* SearchFloatView.swift */; };
		224662F9222B5A0B00E86C66 /* CustomTextField.swift in Sources */ = {isa = PBXBuildFile; fileRef = 224662F8222B5A0B00E86C66 /* CustomTextField.swift */; };
		2262C31221829BE3000586EE /* UIColor.swift in Sources */ = {isa = PBXBuildFile; fileRef = 2262C31121829BE3000586EE /* UIColor.swift */; };
		2262C31421829CE9000586EE /* ExtensionsTests.swift in Sources */ = {isa = PBXBuildFile; fileRef = 2262C31321829CE9000586EE /* ExtensionsTests.swift */; };
		2262C31621829E4A000586EE /* Collection.swift in Sources */ = {isa = PBXBuildFile; fileRef = 2262C31521829E4A000586EE /* Collection.swift */; };
		2262C31821829F79000586EE /* String.swift in Sources */ = {isa = PBXBuildFile; fileRef = 2262C31721829F79000586EE /* String.swift */; };
		2262C31A2182A165000586EE /* Localizable.strings in Resources */ = {isa = PBXBuildFile; fileRef = 2262C3192182A165000586EE /* Localizable.strings */; };
		2262C31C2182A3D1000586EE /* MKPolyline.swift in Sources */ = {isa = PBXBuildFile; fileRef = 2262C31B2182A3D1000586EE /* MKPolyline.swift */; };
		2262C31E2187ED24000586EE /* RouteSegmentTests.swift in Sources */ = {isa = PBXBuildFile; fileRef = 2262C31D2187ED24000586EE /* RouteSegmentTests.swift */; };
		2262C3202187FD68000586EE /* MapAnnotationTests.swift in Sources */ = {isa = PBXBuildFile; fileRef = 2262C31F2187FD68000586EE /* MapAnnotationTests.swift */; };
		226697DD2238B0E7005B82EC /* MapViewControllerTests.swift in Sources */ = {isa = PBXBuildFile; fileRef = 226697DC2238B0E7005B82EC /* MapViewControllerTests.swift */; };
		226697DF22396F24005B82EC /* Assets.xcassets in Resources */ = {isa = PBXBuildFile; fileRef = 226697DE22396F24005B82EC /* Assets.xcassets */; };
		226697E12239D9C1005B82EC /* CoderInitTests.swift in Sources */ = {isa = PBXBuildFile; fileRef = 226697E02239D9C1005B82EC /* CoderInitTests.swift */; };
		226697E3223A2750005B82EC /* Notification.Name.swift in Sources */ = {isa = PBXBuildFile; fileRef = 226697E2223A2750005B82EC /* Notification.Name.swift */; };
		2266C740224DC513004C8D2E /* ClipperOnBoarding.swift in Sources */ = {isa = PBXBuildFile; fileRef = 2266C73F224DC513004C8D2E /* ClipperOnBoarding.swift */; };
		227BBE6C21B4C78E00D3169E /* Bird.swift in Sources */ = {isa = PBXBuildFile; fileRef = 227BBE6B21B4C78E00D3169E /* Bird.swift */; };
		227BBE7121B4F48D00D3169E /* BirdTests.swift in Sources */ = {isa = PBXBuildFile; fileRef = 227BBE7021B4F48D00D3169E /* BirdTests.swift */; };
		22A4E59022597F0400DF8AD9 /* UserManagerTests.swift in Sources */ = {isa = PBXBuildFile; fileRef = 22A4E58F22597F0400DF8AD9 /* UserManagerTests.swift */; };
		22ADA0D122604FF100AA9368 /* RouteOverViewTests.swift in Sources */ = {isa = PBXBuildFile; fileRef = 22ADA0D022604FF100AA9368 /* RouteOverViewTests.swift */; };
		22B32246224DCF8D00F2508A /* BayPassButton.swift in Sources */ = {isa = PBXBuildFile; fileRef = 22B32245224DCF8D00F2508A /* BayPassButton.swift */; };
		22B32248224DDDCF00F2508A /* CollectionViewCVC.swift in Sources */ = {isa = PBXBuildFile; fileRef = 22B32247224DDDCF00F2508A /* CollectionViewCVC.swift */; };
		22B3224A224DDE7900F2508A /* SignInViewController.swift in Sources */ = {isa = PBXBuildFile; fileRef = 22B32249224DDE7900F2508A /* SignInViewController.swift */; };
		22B3224C224DE8D900F2508A /* FetchClipperData.swift in Sources */ = {isa = PBXBuildFile; fileRef = 22B3224B224DE8D900F2508A /* FetchClipperData.swift */; };
		22B3224E224EFEEA00F2508A /* UserManager.swift in Sources */ = {isa = PBXBuildFile; fileRef = 22B3224D224EFEEA00F2508A /* UserManager.swift */; };
		22B32253225324A100F2508A /* ProgressHUD.swift in Sources */ = {isa = PBXBuildFile; fileRef = 22B32252225324A100F2508A /* ProgressHUD.swift */; };
		22B32255225329B400F2508A /* ClipperPassCollectionViewCell.swift in Sources */ = {isa = PBXBuildFile; fileRef = 22B32254225329B400F2508A /* ClipperPassCollectionViewCell.swift */; };
		22B3225822533CF200F2508A /* ClipperViewControllerTests.swift in Sources */ = {isa = PBXBuildFile; fileRef = 22B3225722533CF100F2508A /* ClipperViewControllerTests.swift */; };
		22B3225B2253E76100F2508A /* ProgressHUDTests.swift in Sources */ = {isa = PBXBuildFile; fileRef = 22B3225A2253E76100F2508A /* ProgressHUDTests.swift */; };
		22B3225D2253E8DE00F2508A /* ClipperPassCellTests.swift in Sources */ = {isa = PBXBuildFile; fileRef = 22B3225C2253E8DE00F2508A /* ClipperPassCellTests.swift */; };
		22B40EFA2257FA9C009520C6 /* TextField.swift in Sources */ = {isa = PBXBuildFile; fileRef = 22B40EF92257FA9C009520C6 /* TextField.swift */; };
		22B40EFC225815B5009520C6 /* PaymentMethod.swift in Sources */ = {isa = PBXBuildFile; fileRef = 22B40EFB225815B5009520C6 /* PaymentMethod.swift */; };
		22B53432222D1152007F4098 /* RouteOverView.swift in Sources */ = {isa = PBXBuildFile; fileRef = 22B53431222D1152007F4098 /* RouteOverView.swift */; };
		22B53434222D135D007F4098 /* Date.swift in Sources */ = {isa = PBXBuildFile; fileRef = 22B53433222D135D007F4098 /* Date.swift */; };
		22B53436222D1CB4007F4098 /* MVCMapDelegate.swift in Sources */ = {isa = PBXBuildFile; fileRef = 22B53435222D1CB4007F4098 /* MVCMapDelegate.swift */; };
		22B5343A2231D6F8007F4098 /* DestinationRoutingTests.swift in Sources */ = {isa = PBXBuildFile; fileRef = 22B534392231D6F8007F4098 /* DestinationRoutingTests.swift */; };
		22B83C5D224EAF3C00D1D64E /* FetchClipperDataTests.swift in Sources */ = {isa = PBXBuildFile; fileRef = 22B83C5C224EAF3C00D1D64E /* FetchClipperDataTests.swift */; };
		22C331B92186B80800836173 /* RouteSegment.swift in Sources */ = {isa = PBXBuildFile; fileRef = 22C331B82186B80800836173 /* RouteSegment.swift */; };
		22C331BB2186B88000836173 /* TravelMode.swift in Sources */ = {isa = PBXBuildFile; fileRef = 22C331BA2186B88000836173 /* TravelMode.swift */; };
		22DB0240225450B900B8D600 /* ClipperSignInTests.swift in Sources */ = {isa = PBXBuildFile; fileRef = 22DB023F225450B900B8D600 /* ClipperSignInTests.swift */; };
		22DB02422254579F00B8D600 /* ClipperOnBoardingTests.swift in Sources */ = {isa = PBXBuildFile; fileRef = 22DB02412254579F00B8D600 /* ClipperOnBoardingTests.swift */; };
		22DB024422545DBC00B8D600 /* ClipperAddCashTests.swift in Sources */ = {isa = PBXBuildFile; fileRef = 22DB024322545DBC00B8D600 /* ClipperAddCashTests.swift */; };
		22F09753220683FC009881F8 /* BART.swift in Sources */ = {isa = PBXBuildFile; fileRef = 22F09752220683FC009881F8 /* BART.swift */; };
		22F097552206868E009881F8 /* BartTests.swift in Sources */ = {isa = PBXBuildFile; fileRef = 22F097542206868E009881F8 /* BartTests.swift */; };
		22FF60222263264600AEC7C7 /* TicketViewController.swift in Sources */ = {isa = PBXBuildFile; fileRef = 22FF60212263264600AEC7C7 /* TicketViewController.swift */; };
		3F2A3909C8E024CD3AE14311 /* Pods_BayPassTests.framework in Frameworks */ = {isa = PBXBuildFile; fileRef = 6C9E10235387E04CAF9B6BB9 /* Pods_BayPassTests.framework */; };
		6A00918E217EAB1D0087A32B /* BikeDock.swift in Sources */ = {isa = PBXBuildFile; fileRef = 6A00918D217EAB1D0087A32B /* BikeDock.swift */; };
		6A009190217EACCD0087A32B /* Scooter.swift in Sources */ = {isa = PBXBuildFile; fileRef = 6A00918F217EACCD0087A32B /* Scooter.swift */; };
		6A009193217EAD820087A32B /* ScooterCompany.swift in Sources */ = {isa = PBXBuildFile; fileRef = 6A009192217EAD820087A32B /* ScooterCompany.swift */; };
		6A009196217EAF1A0087A32B /* ClipperCard.swift in Sources */ = {isa = PBXBuildFile; fileRef = 6A009195217EAF1A0087A32B /* ClipperCard.swift */; };
		6A009198217EAF800087A32B /* Pass.swift in Sources */ = {isa = PBXBuildFile; fileRef = 6A009197217EAF800087A32B /* Pass.swift */; };
		6A00919A217EAFFE0087A32B /* Ticket.swift in Sources */ = {isa = PBXBuildFile; fileRef = 6A009199217EAFFE0087A32B /* Ticket.swift */; };
		6A3F2CB621816B46006DA755 /* Route.swift in Sources */ = {isa = PBXBuildFile; fileRef = 6A3F2CB521816B46006DA755 /* Route.swift */; };
		6AAFCD1121853C59004021E8 /* AppDelegate.swift in Sources */ = {isa = PBXBuildFile; fileRef = 22049D9D214C9DF0007FF904 /* AppDelegate.swift */; };
		6AAFCD1421853C59004021E8 /* MapAnnotation.swift in Sources */ = {isa = PBXBuildFile; fileRef = 6A0ED235217BFA4B003CD497 /* MapAnnotation.swift */; };
		6AAFCD1A21854723004021E8 /* ScooterCompanyTests.swift in Sources */ = {isa = PBXBuildFile; fileRef = 6AAFCD1921854723004021E8 /* ScooterCompanyTests.swift */; };
		6AB6ECFE21867F1700A81302 /* MapViewController.swift in Sources */ = {isa = PBXBuildFile; fileRef = 6AB6ECFB21867F1700A81302 /* MapViewController.swift */; };
		6AB6ECFF21867F1700A81302 /* ClipperViewController.swift in Sources */ = {isa = PBXBuildFile; fileRef = 6AB6ECFC21867F1700A81302 /* ClipperViewController.swift */; };
		6AB6ED022186808E00A81302 /* AgencyTests.swift in Sources */ = {isa = PBXBuildFile; fileRef = 6AB6ED012186808E00A81302 /* AgencyTests.swift */; };
		6AB6ED042186809F00A81302 /* LineTests.swift in Sources */ = {isa = PBXBuildFile; fileRef = 6AB6ED032186809F00A81302 /* LineTests.swift */; };
		6AB6ED06218680AB00A81302 /* StationTests.swift in Sources */ = {isa = PBXBuildFile; fileRef = 6AB6ED05218680AB00A81302 /* StationTests.swift */; };
		6AB6ED0A218680C300A81302 /* BikeDockTests.swift in Sources */ = {isa = PBXBuildFile; fileRef = 6AB6ED09218680C300A81302 /* BikeDockTests.swift */; };
		6AB6ED0E2186818600A81302 /* ScooterTests.swift in Sources */ = {isa = PBXBuildFile; fileRef = 6AB6ED0D2186818600A81302 /* ScooterTests.swift */; };
		6AB6ED102186819900A81302 /* RouteTests.swift in Sources */ = {isa = PBXBuildFile; fileRef = 6AB6ED0F2186819900A81302 /* RouteTests.swift */; };
		6AB6ED132186821800A81302 /* ClipperCardTests.swift in Sources */ = {isa = PBXBuildFile; fileRef = 6AB6ED122186821800A81302 /* ClipperCardTests.swift */; };
		6AB6ED152186822300A81302 /* PassTests.swift in Sources */ = {isa = PBXBuildFile; fileRef = 6AB6ED142186822300A81302 /* PassTests.swift */; };
		6AB6ED172186822D00A81302 /* TicketTests.swift in Sources */ = {isa = PBXBuildFile; fileRef = 6AB6ED162186822D00A81302 /* TicketTests.swift */; };
		6ABF9839218250B1006878E4 /* TransitMode.swift in Sources */ = {isa = PBXBuildFile; fileRef = 6ABF9834218250B0006878E4 /* TransitMode.swift */; };
		6ABF983A218250B1006878E4 /* Agency.swift in Sources */ = {isa = PBXBuildFile; fileRef = 6ABF9835218250B0006878E4 /* Agency.swift */; };
		6ABF983B218250B1006878E4 /* Line.swift in Sources */ = {isa = PBXBuildFile; fileRef = 6ABF9836218250B0006878E4 /* Line.swift */; };
		6ABF983C218250B1006878E4 /* Station.swift in Sources */ = {isa = PBXBuildFile; fileRef = 6ABF9837218250B1006878E4 /* Station.swift */; };
		70F72F672230439900A8BC0A /* TicketCheckoutViewController.swift in Sources */ = {isa = PBXBuildFile; fileRef = 70F72F662230439900A8BC0A /* TicketCheckoutViewController.swift */; };
		70F72F69223043C300A8BC0A /* ClipperAddCashViewController.swift in Sources */ = {isa = PBXBuildFile; fileRef = 70F72F68223043C300A8BC0A /* ClipperAddCashViewController.swift */; };
		EC14F1B621B64E28009F69CF /* ClipperView.swift in Sources */ = {isa = PBXBuildFile; fileRef = EC14F1B521B64E28009F69CF /* ClipperView.swift */; };
		EC26414F226599930081AC6E /* ClipperPassViewController.swift in Sources */ = {isa = PBXBuildFile; fileRef = EC26414E226599930081AC6E /* ClipperPassViewController.swift */; };
		EC2641532265AC2D0081AC6E /* ClipperPassCheckoutViewController.swift in Sources */ = {isa = PBXBuildFile; fileRef = EC2641522265AC2D0081AC6E /* ClipperPassCheckoutViewController.swift */; };
		EC2641572265B45D0081AC6E /* CPCollectionView.swift in Sources */ = {isa = PBXBuildFile; fileRef = EC2641562265B45D0081AC6E /* CPCollectionView.swift */; };
		EC2641592265C4740081AC6E /* ClipperPassUITests.swift in Sources */ = {isa = PBXBuildFile; fileRef = EC2641582265C4740081AC6E /* ClipperPassUITests.swift */; };
		EC3B66A822278C8F004FFA23 /* PurchasedTicketCellTests.swift in Sources */ = {isa = PBXBuildFile; fileRef = EC3B66A722278C8F004FFA23 /* PurchasedTicketCellTests.swift */; };
		EC83AD6F2262C41300AF7588 /* TicketCarouselViewCell.swift in Sources */ = {isa = PBXBuildFile; fileRef = EC83AD6E2262C41300AF7588 /* TicketCarouselViewCell.swift */; };
		EC83AD712262C48000AF7588 /* ticketCarouselViewCellTests.swift in Sources */ = {isa = PBXBuildFile; fileRef = EC83AD702262C48000AF7588 /* ticketCarouselViewCellTests.swift */; };
		EC83AD732262EF9700AF7588 /* TicketViewControllerUITests.swift in Sources */ = {isa = PBXBuildFile; fileRef = EC83AD722262EF9600AF7588 /* TicketViewControllerUITests.swift */; };
		EC8CF4B3222F56BF0018E935 /* DropDownMenu.swift in Sources */ = {isa = PBXBuildFile; fileRef = EC8CF4B2222F56BF0018E935 /* DropDownMenu.swift */; };
		ECB6E64A2230488500BF5446 /* UIImageView.swift in Sources */ = {isa = PBXBuildFile; fileRef = ECB6E6492230488500BF5446 /* UIImageView.swift */; };
		ECB6E64C223071B200BF5446 /* DropDownMenuTests.swift in Sources */ = {isa = PBXBuildFile; fileRef = ECB6E64B223071B200BF5446 /* DropDownMenuTests.swift */; };
		ECC4B9612214C1D900BB8FFC /* ClipperViewTests.swift in Sources */ = {isa = PBXBuildFile; fileRef = ECC4B9602214C1D900BB8FFC /* ClipperViewTests.swift */; };
		ECCE1D52221D0053002F58AA /* PurchasedTicketCell.swift in Sources */ = {isa = PBXBuildFile; fileRef = ECCE1D51221D0053002F58AA /* PurchasedTicketCell.swift */; };
/* End PBXBuildFile section */

/* Begin PBXContainerItemProxy section */
		22049DAF214C9DF2007FF904 /* PBXContainerItemProxy */ = {
			isa = PBXContainerItemProxy;
			containerPortal = 22049D92214C9DF0007FF904 /* Project object */;
			proxyType = 1;
			remoteGlobalIDString = 22049D99214C9DF0007FF904;
			remoteInfo = BayPass;
		};
		22049DBA214C9DF3007FF904 /* PBXContainerItemProxy */ = {
			isa = PBXContainerItemProxy;
			containerPortal = 22049D92214C9DF0007FF904 /* Project object */;
			proxyType = 1;
			remoteGlobalIDString = 22049D99214C9DF0007FF904;
			remoteInfo = BayPass;
		};
/* End PBXContainerItemProxy section */

/* Begin PBXFileReference section */
		1D31F2CAC184996691217676 /* Pods-BayPassUITests.release.xcconfig */ = {isa = PBXFileReference; includeInIndex = 1; lastKnownFileType = text.xcconfig; name = "Pods-BayPassUITests.release.xcconfig"; path = "Pods/Target Support Files/Pods-BayPassUITests/Pods-BayPassUITests.release.xcconfig"; sourceTree = "<group>"; };
		22049D9A214C9DF0007FF904 /* BayPass.app */ = {isa = PBXFileReference; explicitFileType = wrapper.application; includeInIndex = 0; path = BayPass.app; sourceTree = BUILT_PRODUCTS_DIR; };
		22049D9D214C9DF0007FF904 /* AppDelegate.swift */ = {isa = PBXFileReference; lastKnownFileType = sourcecode.swift; path = AppDelegate.swift; sourceTree = "<group>"; };
		22049DA7214C9DF2007FF904 /* Base */ = {isa = PBXFileReference; lastKnownFileType = file.storyboard; name = Base; path = Base.lproj/LaunchScreen.storyboard; sourceTree = "<group>"; };
		22049DA9214C9DF2007FF904 /* Info.plist */ = {isa = PBXFileReference; lastKnownFileType = text.plist.xml; path = Info.plist; sourceTree = "<group>"; };
		22049DAE214C9DF2007FF904 /* BayPassTests.xctest */ = {isa = PBXFileReference; explicitFileType = wrapper.cfbundle; includeInIndex = 0; path = BayPassTests.xctest; sourceTree = BUILT_PRODUCTS_DIR; };
		22049DB4214C9DF2007FF904 /* Info.plist */ = {isa = PBXFileReference; lastKnownFileType = text.plist.xml; path = Info.plist; sourceTree = "<group>"; };
		22049DB9214C9DF3007FF904 /* BayPassUITests.xctest */ = {isa = PBXFileReference; explicitFileType = wrapper.cfbundle; includeInIndex = 0; path = BayPassUITests.xctest; sourceTree = BUILT_PRODUCTS_DIR; };
		22049DBD214C9DF3007FF904 /* TabBarUITests.swift */ = {isa = PBXFileReference; lastKnownFileType = sourcecode.swift; path = TabBarUITests.swift; sourceTree = "<group>"; };
		22049DBF214C9DF3007FF904 /* Info.plist */ = {isa = PBXFileReference; lastKnownFileType = text.plist.xml; path = Info.plist; sourceTree = "<group>"; };
		2212935B223B0C080098D52F /* Lime.swift */ = {isa = PBXFileReference; lastKnownFileType = sourcecode.swift; path = Lime.swift; sourceTree = "<group>"; };
		2212935D223B0F380098D52F /* LimeTests.swift */ = {isa = PBXFileReference; lastKnownFileType = sourcecode.swift; path = LimeTests.swift; sourceTree = "<group>"; };
		2212D7262179985400ADFE3D /* TabViewController.swift */ = {isa = PBXFileReference; lastKnownFileType = sourcecode.swift; path = TabViewController.swift; sourceTree = "<group>"; };
		2227C3E9219C198A00053294 /* CAGradientLayer.swift */ = {isa = PBXFileReference; fileEncoding = 4; lastKnownFileType = sourcecode.swift; path = CAGradientLayer.swift; sourceTree = "<group>"; };
		2227C3EC219C1A8D00053294 /* TicketView.swift */ = {isa = PBXFileReference; fileEncoding = 4; lastKnownFileType = sourcecode.swift; path = TicketView.swift; sourceTree = "<group>"; };
		2227C3EF219CBE0C00053294 /* TicketViewTests.swift */ = {isa = PBXFileReference; lastKnownFileType = sourcecode.swift; path = TicketViewTests.swift; sourceTree = "<group>"; };
		222A926C221A6D0200FD1367 /* GoogleMaps.swift */ = {isa = PBXFileReference; lastKnownFileType = sourcecode.swift; path = GoogleMaps.swift; sourceTree = "<group>"; };
		222A926E221A721D00FD1367 /* GoogleMapsTests.swift */ = {isa = PBXFileReference; lastKnownFileType = sourcecode.swift; path = GoogleMapsTests.swift; sourceTree = "<group>"; };
		222A9273221A734000FD1367 /* GoogleDirections.json */ = {isa = PBXFileReference; fileEncoding = 4; lastKnownFileType = text.json; name = GoogleDirections.json; path = "JSON - Samples/GoogleDirections.json"; sourceTree = SOURCE_ROOT; };
		222A9275221A7DE900FD1367 /* GMPolyline.swift */ = {isa = PBXFileReference; lastKnownFileType = sourcecode.swift; path = GMPolyline.swift; sourceTree = "<group>"; };
		223AF96D22265949009EA730 /* StationSearchResultTableViewCell.swift */ = {isa = PBXFileReference; lastKnownFileType = sourcecode.swift; path = StationSearchResultTableViewCell.swift; sourceTree = "<group>"; };
		223AF96F22278209009EA730 /* StationSearchResultTableViewCellTests.swift */ = {isa = PBXFileReference; lastKnownFileType = sourcecode.swift; path = StationSearchResultTableViewCellTests.swift; sourceTree = "<group>"; };
		223AF97122278965009EA730 /* DestinationSearchResultTableViewCell.swift */ = {isa = PBXFileReference; lastKnownFileType = sourcecode.swift; path = DestinationSearchResultTableViewCell.swift; sourceTree = "<group>"; };
		223AF97322279289009EA730 /* DestinationSearchResultTableViewCellTests.swift */ = {isa = PBXFileReference; lastKnownFileType = sourcecode.swift; path = DestinationSearchResultTableViewCellTests.swift; sourceTree = "<group>"; };
		2245E8842263234900A3F088 /* TVCCollectionView.swift */ = {isa = PBXFileReference; lastKnownFileType = sourcecode.swift; path = TVCCollectionView.swift; sourceTree = "<group>"; };
		2245E8862263238400A3F088 /* TVCTableView.swift */ = {isa = PBXFileReference; lastKnownFileType = sourcecode.swift; path = TVCTableView.swift; sourceTree = "<group>"; };
		224662E02228F7D200E86C66 /* SearchViewController.swift */ = {isa = PBXFileReference; lastKnownFileType = sourcecode.swift; path = SearchViewController.swift; sourceTree = "<group>"; };
		224662E22228FC9B00E86C66 /* MoveIndicator.swift */ = {isa = PBXFileReference; lastKnownFileType = sourcecode.swift; path = MoveIndicator.swift; sourceTree = "<group>"; };
		224662E42229011F00E86C66 /* SVCDelegate.swift */ = {isa = PBXFileReference; lastKnownFileType = sourcecode.swift; path = SVCDelegate.swift; sourceTree = "<group>"; };
		224662E62229031300E86C66 /* MVCSearchDelegate.swift */ = {isa = PBXFileReference; lastKnownFileType = sourcecode.swift; path = MVCSearchDelegate.swift; sourceTree = "<group>"; };
		224662E82229059500E86C66 /* SVCTableView.swift */ = {isa = PBXFileReference; lastKnownFileType = sourcecode.swift; path = SVCTableView.swift; sourceTree = "<group>"; };
		224662EA2229136100E86C66 /* MVCLocationManager.swift */ = {isa = PBXFileReference; lastKnownFileType = sourcecode.swift; path = MVCLocationManager.swift; sourceTree = "<group>"; };
		224662EC2229142100E86C66 /* SVCSearchBar.swift */ = {isa = PBXFileReference; lastKnownFileType = sourcecode.swift; path = SVCSearchBar.swift; sourceTree = "<group>"; };
		224662EE22291EC600E86C66 /* MVCOverlay.swift */ = {isa = PBXFileReference; lastKnownFileType = sourcecode.swift; path = MVCOverlay.swift; sourceTree = "<group>"; };
		224662F02229204200E86C66 /* EmptyView.swift */ = {isa = PBXFileReference; lastKnownFileType = sourcecode.swift; path = EmptyView.swift; sourceTree = "<group>"; };
		224662F2222B4B3200E86C66 /* MVCDestinationRouting.swift */ = {isa = PBXFileReference; lastKnownFileType = sourcecode.swift; path = MVCDestinationRouting.swift; sourceTree = "<group>"; };
		224662F4222B4BE600E86C66 /* UIViewController.swift */ = {isa = PBXFileReference; lastKnownFileType = sourcecode.swift; path = UIViewController.swift; sourceTree = "<group>"; };
		224662F6222B557600E86C66 /* SearchFloatView.swift */ = {isa = PBXFileReference; lastKnownFileType = sourcecode.swift; path = SearchFloatView.swift; sourceTree = "<group>"; };
		224662F8222B5A0B00E86C66 /* CustomTextField.swift */ = {isa = PBXFileReference; lastKnownFileType = sourcecode.swift; path = CustomTextField.swift; sourceTree = "<group>"; };
		2262C31121829BE3000586EE /* UIColor.swift */ = {isa = PBXFileReference; lastKnownFileType = sourcecode.swift; path = UIColor.swift; sourceTree = "<group>"; };
		2262C31321829CE9000586EE /* ExtensionsTests.swift */ = {isa = PBXFileReference; lastKnownFileType = sourcecode.swift; path = ExtensionsTests.swift; sourceTree = "<group>"; };
		2262C31521829E4A000586EE /* Collection.swift */ = {isa = PBXFileReference; lastKnownFileType = sourcecode.swift; path = Collection.swift; sourceTree = "<group>"; };
		2262C31721829F79000586EE /* String.swift */ = {isa = PBXFileReference; lastKnownFileType = sourcecode.swift; path = String.swift; sourceTree = "<group>"; };
		2262C3192182A165000586EE /* Localizable.strings */ = {isa = PBXFileReference; lastKnownFileType = text.plist.strings; path = Localizable.strings; sourceTree = "<group>"; };
		2262C31B2182A3D1000586EE /* MKPolyline.swift */ = {isa = PBXFileReference; lastKnownFileType = sourcecode.swift; path = MKPolyline.swift; sourceTree = "<group>"; };
		2262C31D2187ED24000586EE /* RouteSegmentTests.swift */ = {isa = PBXFileReference; lastKnownFileType = sourcecode.swift; path = RouteSegmentTests.swift; sourceTree = "<group>"; };
		2262C31F2187FD68000586EE /* MapAnnotationTests.swift */ = {isa = PBXFileReference; lastKnownFileType = sourcecode.swift; path = MapAnnotationTests.swift; sourceTree = "<group>"; };
		226697DC2238B0E7005B82EC /* MapViewControllerTests.swift */ = {isa = PBXFileReference; lastKnownFileType = sourcecode.swift; path = MapViewControllerTests.swift; sourceTree = "<group>"; };
		226697DE22396F24005B82EC /* Assets.xcassets */ = {isa = PBXFileReference; lastKnownFileType = folder.assetcatalog; path = Assets.xcassets; sourceTree = "<group>"; };
		226697E02239D9C1005B82EC /* CoderInitTests.swift */ = {isa = PBXFileReference; lastKnownFileType = sourcecode.swift; path = CoderInitTests.swift; sourceTree = "<group>"; };
		226697E2223A2750005B82EC /* Notification.Name.swift */ = {isa = PBXFileReference; lastKnownFileType = sourcecode.swift; path = Notification.Name.swift; sourceTree = "<group>"; };
		2266C73F224DC513004C8D2E /* ClipperOnBoarding.swift */ = {isa = PBXFileReference; lastKnownFileType = sourcecode.swift; path = ClipperOnBoarding.swift; sourceTree = "<group>"; };
		227796CB21B6251F00BAF6BA /* Credentials.swift */ = {isa = PBXFileReference; fileEncoding = 4; lastKnownFileType = sourcecode.swift; path = Credentials.swift; sourceTree = "<group>"; };
		227BBE6B21B4C78E00D3169E /* Bird.swift */ = {isa = PBXFileReference; lastKnownFileType = sourcecode.swift; path = Bird.swift; sourceTree = "<group>"; };
		227BBE7021B4F48D00D3169E /* BirdTests.swift */ = {isa = PBXFileReference; lastKnownFileType = sourcecode.swift; path = BirdTests.swift; sourceTree = "<group>"; };
		22A4E58F22597F0400DF8AD9 /* UserManagerTests.swift */ = {isa = PBXFileReference; lastKnownFileType = sourcecode.swift; path = UserManagerTests.swift; sourceTree = "<group>"; };
		22ADA0D022604FF100AA9368 /* RouteOverViewTests.swift */ = {isa = PBXFileReference; lastKnownFileType = sourcecode.swift; path = RouteOverViewTests.swift; sourceTree = "<group>"; };
		22B32245224DCF8D00F2508A /* BayPassButton.swift */ = {isa = PBXFileReference; lastKnownFileType = sourcecode.swift; path = BayPassButton.swift; sourceTree = "<group>"; };
		22B32247224DDDCF00F2508A /* CollectionViewCVC.swift */ = {isa = PBXFileReference; lastKnownFileType = sourcecode.swift; path = CollectionViewCVC.swift; sourceTree = "<group>"; };
		22B32249224DDE7900F2508A /* SignInViewController.swift */ = {isa = PBXFileReference; lastKnownFileType = sourcecode.swift; path = SignInViewController.swift; sourceTree = "<group>"; };
		22B3224B224DE8D900F2508A /* FetchClipperData.swift */ = {isa = PBXFileReference; lastKnownFileType = sourcecode.swift; path = FetchClipperData.swift; sourceTree = "<group>"; };
		22B3224D224EFEEA00F2508A /* UserManager.swift */ = {isa = PBXFileReference; lastKnownFileType = sourcecode.swift; path = UserManager.swift; sourceTree = "<group>"; };
		22B32252225324A100F2508A /* ProgressHUD.swift */ = {isa = PBXFileReference; lastKnownFileType = sourcecode.swift; path = ProgressHUD.swift; sourceTree = "<group>"; };
		22B32254225329B400F2508A /* ClipperPassCollectionViewCell.swift */ = {isa = PBXFileReference; lastKnownFileType = sourcecode.swift; name = ClipperPassCollectionViewCell.swift; path = ../Controller/Clipper/ClipperPassCollectionViewCell.swift; sourceTree = "<group>"; };
		22B3225722533CF100F2508A /* ClipperViewControllerTests.swift */ = {isa = PBXFileReference; lastKnownFileType = sourcecode.swift; path = ClipperViewControllerTests.swift; sourceTree = "<group>"; };
		22B3225A2253E76100F2508A /* ProgressHUDTests.swift */ = {isa = PBXFileReference; lastKnownFileType = sourcecode.swift; name = ProgressHUDTests.swift; path = BayPassTests/View/ProgressHUDTests.swift; sourceTree = SOURCE_ROOT; };
		22B3225C2253E8DE00F2508A /* ClipperPassCellTests.swift */ = {isa = PBXFileReference; lastKnownFileType = sourcecode.swift; path = ClipperPassCellTests.swift; sourceTree = "<group>"; };
		22B40EF92257FA9C009520C6 /* TextField.swift */ = {isa = PBXFileReference; lastKnownFileType = sourcecode.swift; path = TextField.swift; sourceTree = "<group>"; };
		22B40EFB225815B5009520C6 /* PaymentMethod.swift */ = {isa = PBXFileReference; lastKnownFileType = sourcecode.swift; path = PaymentMethod.swift; sourceTree = "<group>"; };
		22B40EFD2258456C009520C6 /* BayPass.entitlements */ = {isa = PBXFileReference; lastKnownFileType = text.plist.entitlements; path = BayPass.entitlements; sourceTree = "<group>"; };
		22B53431222D1152007F4098 /* RouteOverView.swift */ = {isa = PBXFileReference; lastKnownFileType = sourcecode.swift; path = RouteOverView.swift; sourceTree = "<group>"; };
		22B53433222D135D007F4098 /* Date.swift */ = {isa = PBXFileReference; lastKnownFileType = sourcecode.swift; path = Date.swift; sourceTree = "<group>"; };
		22B53435222D1CB4007F4098 /* MVCMapDelegate.swift */ = {isa = PBXFileReference; lastKnownFileType = sourcecode.swift; path = MVCMapDelegate.swift; sourceTree = "<group>"; };
		22B534372231D6DC007F4098 /* DestinationRoutingTests.swift */ = {isa = PBXFileReference; lastKnownFileType = sourcecode.swift; name = DestinationRoutingTests.swift; path = BayPassUITests/DestinationRoutingTests.swift; sourceTree = SOURCE_ROOT; };
		22B534392231D6F8007F4098 /* DestinationRoutingTests.swift */ = {isa = PBXFileReference; fileEncoding = 4; lastKnownFileType = sourcecode.swift; path = DestinationRoutingTests.swift; sourceTree = "<group>"; };
		22B83C5C224EAF3C00D1D64E /* FetchClipperDataTests.swift */ = {isa = PBXFileReference; lastKnownFileType = sourcecode.swift; path = FetchClipperDataTests.swift; sourceTree = "<group>"; };
		22C331B82186B80800836173 /* RouteSegment.swift */ = {isa = PBXFileReference; lastKnownFileType = sourcecode.swift; path = RouteSegment.swift; sourceTree = "<group>"; };
		22C331BA2186B88000836173 /* TravelMode.swift */ = {isa = PBXFileReference; lastKnownFileType = sourcecode.swift; path = TravelMode.swift; sourceTree = "<group>"; };
		22DB023F225450B900B8D600 /* ClipperSignInTests.swift */ = {isa = PBXFileReference; lastKnownFileType = sourcecode.swift; path = ClipperSignInTests.swift; sourceTree = "<group>"; };
		22DB02412254579F00B8D600 /* ClipperOnBoardingTests.swift */ = {isa = PBXFileReference; lastKnownFileType = sourcecode.swift; path = ClipperOnBoardingTests.swift; sourceTree = "<group>"; };
		22DB024322545DBC00B8D600 /* ClipperAddCashTests.swift */ = {isa = PBXFileReference; lastKnownFileType = sourcecode.swift; path = ClipperAddCashTests.swift; sourceTree = "<group>"; };
		22F09752220683FC009881F8 /* BART.swift */ = {isa = PBXFileReference; lastKnownFileType = sourcecode.swift; path = BART.swift; sourceTree = "<group>"; };
		22F097542206868E009881F8 /* BartTests.swift */ = {isa = PBXFileReference; lastKnownFileType = sourcecode.swift; path = BartTests.swift; sourceTree = "<group>"; };
		22FF60212263264600AEC7C7 /* TicketViewController.swift */ = {isa = PBXFileReference; fileEncoding = 4; lastKnownFileType = sourcecode.swift; path = TicketViewController.swift; sourceTree = "<group>"; };
		4D4F7368CE1FD8AB6E3F8FE1 /* Pods-BayPassTests.release.xcconfig */ = {isa = PBXFileReference; includeInIndex = 1; lastKnownFileType = text.xcconfig; name = "Pods-BayPassTests.release.xcconfig"; path = "Pods/Target Support Files/Pods-BayPassTests/Pods-BayPassTests.release.xcconfig"; sourceTree = "<group>"; };
		62B2E1F74981CC584A06A053 /* libPods-BayPassUITests.a */ = {isa = PBXFileReference; explicitFileType = archive.ar; includeInIndex = 0; path = "libPods-BayPassUITests.a"; sourceTree = BUILT_PRODUCTS_DIR; };
		6A00918D217EAB1D0087A32B /* BikeDock.swift */ = {isa = PBXFileReference; lastKnownFileType = sourcecode.swift; path = BikeDock.swift; sourceTree = "<group>"; };
		6A00918F217EACCD0087A32B /* Scooter.swift */ = {isa = PBXFileReference; lastKnownFileType = sourcecode.swift; path = Scooter.swift; sourceTree = "<group>"; };
		6A009192217EAD820087A32B /* ScooterCompany.swift */ = {isa = PBXFileReference; lastKnownFileType = sourcecode.swift; path = ScooterCompany.swift; sourceTree = "<group>"; };
		6A009195217EAF1A0087A32B /* ClipperCard.swift */ = {isa = PBXFileReference; lastKnownFileType = sourcecode.swift; path = ClipperCard.swift; sourceTree = "<group>"; };
		6A009197217EAF800087A32B /* Pass.swift */ = {isa = PBXFileReference; lastKnownFileType = sourcecode.swift; path = Pass.swift; sourceTree = "<group>"; };
		6A009199217EAFFE0087A32B /* Ticket.swift */ = {isa = PBXFileReference; lastKnownFileType = sourcecode.swift; path = Ticket.swift; sourceTree = "<group>"; };
		6A0ED235217BFA4B003CD497 /* MapAnnotation.swift */ = {isa = PBXFileReference; lastKnownFileType = sourcecode.swift; name = MapAnnotation.swift; path = BayPass/Model/Map/MapAnnotation.swift; sourceTree = SOURCE_ROOT; };
		6A3F2CB521816B46006DA755 /* Route.swift */ = {isa = PBXFileReference; lastKnownFileType = sourcecode.swift; path = Route.swift; sourceTree = "<group>"; };
		6AAFCD1921854723004021E8 /* ScooterCompanyTests.swift */ = {isa = PBXFileReference; lastKnownFileType = sourcecode.swift; path = ScooterCompanyTests.swift; sourceTree = "<group>"; };
		6AB6ECFB21867F1700A81302 /* MapViewController.swift */ = {isa = PBXFileReference; fileEncoding = 4; lastKnownFileType = sourcecode.swift; path = MapViewController.swift; sourceTree = "<group>"; };
		6AB6ECFC21867F1700A81302 /* ClipperViewController.swift */ = {isa = PBXFileReference; fileEncoding = 4; lastKnownFileType = sourcecode.swift; path = ClipperViewController.swift; sourceTree = "<group>"; };
		6AB6ED012186808E00A81302 /* AgencyTests.swift */ = {isa = PBXFileReference; lastKnownFileType = sourcecode.swift; path = AgencyTests.swift; sourceTree = "<group>"; };
		6AB6ED032186809F00A81302 /* LineTests.swift */ = {isa = PBXFileReference; lastKnownFileType = sourcecode.swift; path = LineTests.swift; sourceTree = "<group>"; };
		6AB6ED05218680AB00A81302 /* StationTests.swift */ = {isa = PBXFileReference; lastKnownFileType = sourcecode.swift; path = StationTests.swift; sourceTree = "<group>"; };
		6AB6ED09218680C300A81302 /* BikeDockTests.swift */ = {isa = PBXFileReference; lastKnownFileType = sourcecode.swift; path = BikeDockTests.swift; sourceTree = "<group>"; };
		6AB6ED0D2186818600A81302 /* ScooterTests.swift */ = {isa = PBXFileReference; lastKnownFileType = sourcecode.swift; path = ScooterTests.swift; sourceTree = "<group>"; };
		6AB6ED0F2186819900A81302 /* RouteTests.swift */ = {isa = PBXFileReference; lastKnownFileType = sourcecode.swift; path = RouteTests.swift; sourceTree = "<group>"; };
		6AB6ED122186821800A81302 /* ClipperCardTests.swift */ = {isa = PBXFileReference; lastKnownFileType = sourcecode.swift; path = ClipperCardTests.swift; sourceTree = "<group>"; };
		6AB6ED142186822300A81302 /* PassTests.swift */ = {isa = PBXFileReference; lastKnownFileType = sourcecode.swift; path = PassTests.swift; sourceTree = "<group>"; };
		6AB6ED162186822D00A81302 /* TicketTests.swift */ = {isa = PBXFileReference; lastKnownFileType = sourcecode.swift; path = TicketTests.swift; sourceTree = "<group>"; };
		6ABF9834218250B0006878E4 /* TransitMode.swift */ = {isa = PBXFileReference; fileEncoding = 4; lastKnownFileType = sourcecode.swift; path = TransitMode.swift; sourceTree = "<group>"; };
		6ABF9835218250B0006878E4 /* Agency.swift */ = {isa = PBXFileReference; fileEncoding = 4; lastKnownFileType = sourcecode.swift; path = Agency.swift; sourceTree = "<group>"; };
		6ABF9836218250B0006878E4 /* Line.swift */ = {isa = PBXFileReference; fileEncoding = 4; lastKnownFileType = sourcecode.swift; path = Line.swift; sourceTree = "<group>"; };
		6ABF9837218250B1006878E4 /* Station.swift */ = {isa = PBXFileReference; fileEncoding = 4; lastKnownFileType = sourcecode.swift; path = Station.swift; sourceTree = "<group>"; };
		6AE3578513C59E0ED24985ED /* Pods-BayPass.debug.xcconfig */ = {isa = PBXFileReference; includeInIndex = 1; lastKnownFileType = text.xcconfig; name = "Pods-BayPass.debug.xcconfig"; path = "Pods/Target Support Files/Pods-BayPass/Pods-BayPass.debug.xcconfig"; sourceTree = "<group>"; };
		6C9E10235387E04CAF9B6BB9 /* Pods_BayPassTests.framework */ = {isa = PBXFileReference; explicitFileType = wrapper.framework; includeInIndex = 0; path = Pods_BayPassTests.framework; sourceTree = BUILT_PRODUCTS_DIR; };
		70F72F662230439900A8BC0A /* TicketCheckoutViewController.swift */ = {isa = PBXFileReference; lastKnownFileType = sourcecode.swift; path = TicketCheckoutViewController.swift; sourceTree = "<group>"; };
		70F72F68223043C300A8BC0A /* ClipperAddCashViewController.swift */ = {isa = PBXFileReference; lastKnownFileType = sourcecode.swift; path = ClipperAddCashViewController.swift; sourceTree = "<group>"; };
		A96336530BAD67EFB32EF7E0 /* Pods-BayPassTests.debug.xcconfig */ = {isa = PBXFileReference; includeInIndex = 1; lastKnownFileType = text.xcconfig; name = "Pods-BayPassTests.debug.xcconfig"; path = "Pods/Target Support Files/Pods-BayPassTests/Pods-BayPassTests.debug.xcconfig"; sourceTree = "<group>"; };
		BC737C8C1C489644ABDDFE78 /* Pods_BayPass.framework */ = {isa = PBXFileReference; explicitFileType = wrapper.framework; includeInIndex = 0; path = Pods_BayPass.framework; sourceTree = BUILT_PRODUCTS_DIR; };
		C4CE3C0E191A1E9A66EDDE84 /* Pods-BayPassUITests.debug.xcconfig */ = {isa = PBXFileReference; includeInIndex = 1; lastKnownFileType = text.xcconfig; name = "Pods-BayPassUITests.debug.xcconfig"; path = "Pods/Target Support Files/Pods-BayPassUITests/Pods-BayPassUITests.debug.xcconfig"; sourceTree = "<group>"; };
		EC14F1B521B64E28009F69CF /* ClipperView.swift */ = {isa = PBXFileReference; lastKnownFileType = sourcecode.swift; path = ClipperView.swift; sourceTree = "<group>"; };
		EC26414E226599930081AC6E /* ClipperPassViewController.swift */ = {isa = PBXFileReference; lastKnownFileType = sourcecode.swift; path = ClipperPassViewController.swift; sourceTree = "<group>"; };
		EC2641522265AC2D0081AC6E /* ClipperPassCheckoutViewController.swift */ = {isa = PBXFileReference; lastKnownFileType = sourcecode.swift; path = ClipperPassCheckoutViewController.swift; sourceTree = "<group>"; };
		EC2641562265B45D0081AC6E /* CPCollectionView.swift */ = {isa = PBXFileReference; lastKnownFileType = sourcecode.swift; path = CPCollectionView.swift; sourceTree = "<group>"; };
		EC2641582265C4740081AC6E /* ClipperPassUITests.swift */ = {isa = PBXFileReference; lastKnownFileType = sourcecode.swift; path = ClipperPassUITests.swift; sourceTree = "<group>"; };
		EC3B66A722278C8F004FFA23 /* PurchasedTicketCellTests.swift */ = {isa = PBXFileReference; lastKnownFileType = sourcecode.swift; path = PurchasedTicketCellTests.swift; sourceTree = "<group>"; };
		EC83AD6E2262C41300AF7588 /* TicketCarouselViewCell.swift */ = {isa = PBXFileReference; lastKnownFileType = sourcecode.swift; path = TicketCarouselViewCell.swift; sourceTree = "<group>"; };
		EC83AD702262C48000AF7588 /* ticketCarouselViewCellTests.swift */ = {isa = PBXFileReference; lastKnownFileType = sourcecode.swift; path = ticketCarouselViewCellTests.swift; sourceTree = "<group>"; };
		EC83AD722262EF9600AF7588 /* TicketViewControllerUITests.swift */ = {isa = PBXFileReference; lastKnownFileType = sourcecode.swift; path = TicketViewControllerUITests.swift; sourceTree = "<group>"; };
		EC8CF4B2222F56BF0018E935 /* DropDownMenu.swift */ = {isa = PBXFileReference; lastKnownFileType = sourcecode.swift; path = DropDownMenu.swift; sourceTree = "<group>"; };
		ECB6E6492230488500BF5446 /* UIImageView.swift */ = {isa = PBXFileReference; lastKnownFileType = sourcecode.swift; path = UIImageView.swift; sourceTree = "<group>"; };
		ECB6E64B223071B200BF5446 /* DropDownMenuTests.swift */ = {isa = PBXFileReference; lastKnownFileType = sourcecode.swift; path = DropDownMenuTests.swift; sourceTree = "<group>"; };
		ECC4B9602214C1D900BB8FFC /* ClipperViewTests.swift */ = {isa = PBXFileReference; lastKnownFileType = sourcecode.swift; path = ClipperViewTests.swift; sourceTree = "<group>"; };
		ECCE1D51221D0053002F58AA /* PurchasedTicketCell.swift */ = {isa = PBXFileReference; lastKnownFileType = sourcecode.swift; path = PurchasedTicketCell.swift; sourceTree = "<group>"; };
		F3C991BFA884D85FF2F805DF /* Pods-BayPass.release.xcconfig */ = {isa = PBXFileReference; includeInIndex = 1; lastKnownFileType = text.xcconfig; name = "Pods-BayPass.release.xcconfig"; path = "Pods/Target Support Files/Pods-BayPass/Pods-BayPass.release.xcconfig"; sourceTree = "<group>"; };
/* End PBXFileReference section */

/* Begin PBXFrameworksBuildPhase section */
		22049D97214C9DF0007FF904 /* Frameworks */ = {
			isa = PBXFrameworksBuildPhase;
			buildActionMask = 2147483647;
			files = (
				10DF627C28E33A8338F39522 /* Pods_BayPass.framework in Frameworks */,
			);
			runOnlyForDeploymentPostprocessing = 0;
		};
		22049DAB214C9DF2007FF904 /* Frameworks */ = {
			isa = PBXFrameworksBuildPhase;
			buildActionMask = 2147483647;
			files = (
				3F2A3909C8E024CD3AE14311 /* Pods_BayPassTests.framework in Frameworks */,
			);
			runOnlyForDeploymentPostprocessing = 0;
		};
		22049DB6214C9DF3007FF904 /* Frameworks */ = {
			isa = PBXFrameworksBuildPhase;
			buildActionMask = 2147483647;
			files = (
				14E6B9D8AC4F6EB59D85DB4C /* libPods-BayPassUITests.a in Frameworks */,
			);
			runOnlyForDeploymentPostprocessing = 0;
		};
/* End PBXFrameworksBuildPhase section */

/* Begin PBXGroup section */
		22049D91214C9DF0007FF904 = {
			isa = PBXGroup;
			children = (
				22049D9C214C9DF0007FF904 /* BayPass */,
				22049DB1214C9DF2007FF904 /* BayPassTests */,
				22049DBC214C9DF3007FF904 /* BayPassUITests */,
				22049D9B214C9DF0007FF904 /* Products */,
				52C03E090F2FCB75E3C93ADB /* Pods */,
				E1C9A42F6ABBA89034F445B2 /* Frameworks */,
			);
			sourceTree = "<group>";
		};
		22049D9B214C9DF0007FF904 /* Products */ = {
			isa = PBXGroup;
			children = (
				22049D9A214C9DF0007FF904 /* BayPass.app */,
				22049DAE214C9DF2007FF904 /* BayPassTests.xctest */,
				22049DB9214C9DF3007FF904 /* BayPassUITests.xctest */,
			);
			name = Products;
			sourceTree = "<group>";
		};
		22049D9C214C9DF0007FF904 /* BayPass */ = {
			isa = PBXGroup;
			children = (
				22B40EFD2258456C009520C6 /* BayPass.entitlements */,
				22049D9D214C9DF0007FF904 /* AppDelegate.swift */,
				227BBE6A21B4C78000D3169E /* APIs */,
				2262C31021829BC6000586EE /* Extensions */,
				22B32244224DCF6800F2508A /* Controls */,
				2227C3EB219C1A7700053294 /* View */,
				2212D7282179AD8800ADFE3D /* Controller */,
				6A3F2CB721816FD4006DA755 /* Model */,
				22049DA6214C9DF2007FF904 /* LaunchScreen.storyboard */,
				22049DA9214C9DF2007FF904 /* Info.plist */,
				226697DE22396F24005B82EC /* Assets.xcassets */,
				2262C3192182A165000586EE /* Localizable.strings */,
			);
			path = BayPass;
			sourceTree = "<group>";
		};
		22049DB1214C9DF2007FF904 /* BayPassTests */ = {
			isa = PBXGroup;
			children = (
				227BBE6F21B4F45100D3169E /* APIs */,
				2227C3EE219CBDE600053294 /* View */,
				6AB6ED0B2186816100A81302 /* Model */,
				22B83C5F224EAF5C00D1D64E /* Controller */,
				2262C31321829CE9000586EE /* ExtensionsTests.swift */,
				226697DC2238B0E7005B82EC /* MapViewControllerTests.swift */,
				22049DB4214C9DF2007FF904 /* Info.plist */,
			);
			path = BayPassTests;
			sourceTree = "<group>";
		};
		22049DBC214C9DF3007FF904 /* BayPassUITests */ = {
			isa = PBXGroup;
			children = (
				22049DBD214C9DF3007FF904 /* TabBarUITests.swift */,
				EC83AD722262EF9600AF7588 /* TicketViewControllerUITests.swift */,
				EC2641582265C4740081AC6E /* ClipperPassUITests.swift */,
				22B534392231D6F8007F4098 /* DestinationRoutingTests.swift */,
				22049DBF214C9DF3007FF904 /* Info.plist */,
			);
			path = BayPassUITests;
			sourceTree = "<group>";
		};
		2212D7282179AD8800ADFE3D /* Controller */ = {
			isa = PBXGroup;
			children = (
				223AF9752228D83A009EA730 /* Map */,
				22FF60202263252400AEC7C7 /* Ticket */,
				2266C73E224DC4CE004C8D2E /* Clipper */,
				2212D7262179985400ADFE3D /* TabViewController.swift */,
			);
			path = Controller;
			sourceTree = "<group>";
		};
		2227C3EB219C1A7700053294 /* View */ = {
			isa = PBXGroup;
			children = (
				2227C3EC219C1A8D00053294 /* TicketView.swift */,
				224662F6222B557600E86C66 /* SearchFloatView.swift */,
				224662F8222B5A0B00E86C66 /* CustomTextField.swift */,
				ECCE1D51221D0053002F58AA /* PurchasedTicketCell.swift */,
				EC83AD6E2262C41300AF7588 /* TicketCarouselViewCell.swift */,
				EC14F1B521B64E28009F69CF /* ClipperView.swift */,
				22B53431222D1152007F4098 /* RouteOverView.swift */,
				224662E22228FC9B00E86C66 /* MoveIndicator.swift */,
				223AF97122278965009EA730 /* DestinationSearchResultTableViewCell.swift */,
				223AF96D22265949009EA730 /* StationSearchResultTableViewCell.swift */,
				22B32254225329B400F2508A /* ClipperPassCollectionViewCell.swift */,
				224662F02229204200E86C66 /* EmptyView.swift */,
				22B32252225324A100F2508A /* ProgressHUD.swift */,
			);
			path = View;
			sourceTree = "<group>";
		};
		2227C3EE219CBDE600053294 /* View */ = {
			isa = PBXGroup;
			children = (
				2227C3EF219CBE0C00053294 /* TicketViewTests.swift */,
				ECB6E64B223071B200BF5446 /* DropDownMenuTests.swift */,
				EC3B66A722278C8F004FFA23 /* PurchasedTicketCellTests.swift */,
				EC83AD702262C48000AF7588 /* ticketCarouselViewCellTests.swift */,
				22B3225C2253E8DE00F2508A /* ClipperPassCellTests.swift */,
				ECC4B9602214C1D900BB8FFC /* ClipperViewTests.swift */,
				223AF97322279289009EA730 /* DestinationSearchResultTableViewCellTests.swift */,
				223AF96F22278209009EA730 /* StationSearchResultTableViewCellTests.swift */,
				226697E02239D9C1005B82EC /* CoderInitTests.swift */,
				22B3225A2253E76100F2508A /* ProgressHUDTests.swift */,
				22ADA0D022604FF100AA9368 /* RouteOverViewTests.swift */,
			);
			path = View;
			sourceTree = "<group>";
		};
		222A9272221A730000FD1367 /* testJson */ = {
			isa = PBXGroup;
			children = (
				222A9273221A734000FD1367 /* GoogleDirections.json */,
			);
			path = testJson;
			sourceTree = "<group>";
		};
		223AF9752228D83A009EA730 /* Map */ = {
			isa = PBXGroup;
			children = (
				6AB6ECFB21867F1700A81302 /* MapViewController.swift */,
				224662EE22291EC600E86C66 /* MVCOverlay.swift */,
				224662EA2229136100E86C66 /* MVCLocationManager.swift */,
				224662E62229031300E86C66 /* MVCSearchDelegate.swift */,
				224662F2222B4B3200E86C66 /* MVCDestinationRouting.swift */,
				22B53435222D1CB4007F4098 /* MVCMapDelegate.swift */,
				224662E02228F7D200E86C66 /* SearchViewController.swift */,
				224662EC2229142100E86C66 /* SVCSearchBar.swift */,
				224662E82229059500E86C66 /* SVCTableView.swift */,
				224662E42229011F00E86C66 /* SVCDelegate.swift */,
			);
			path = Map;
			sourceTree = "<group>";
		};
		2262C31021829BC6000586EE /* Extensions */ = {
			isa = PBXGroup;
			children = (
				2262C31121829BE3000586EE /* UIColor.swift */,
				ECB6E6492230488500BF5446 /* UIImageView.swift */,
				22B53433222D135D007F4098 /* Date.swift */,
				224662F4222B4BE600E86C66 /* UIViewController.swift */,
				2262C31521829E4A000586EE /* Collection.swift */,
				2262C31721829F79000586EE /* String.swift */,
				2262C31B2182A3D1000586EE /* MKPolyline.swift */,
				2227C3E9219C198A00053294 /* CAGradientLayer.swift */,
				222A9275221A7DE900FD1367 /* GMPolyline.swift */,
				226697E2223A2750005B82EC /* Notification.Name.swift */,
				22B40EF92257FA9C009520C6 /* TextField.swift */,
			);
			path = Extensions;
			sourceTree = "<group>";
		};
		2266C73E224DC4CE004C8D2E /* Clipper */ = {
			isa = PBXGroup;
			children = (
				6AB6ECFC21867F1700A81302 /* ClipperViewController.swift */,
				22B32247224DDDCF00F2508A /* CollectionViewCVC.swift */,
				EC26414E226599930081AC6E /* ClipperPassViewController.swift */,
				EC2641562265B45D0081AC6E /* CPCollectionView.swift */,
				EC2641522265AC2D0081AC6E /* ClipperPassCheckoutViewController.swift */,
				2266C73F224DC513004C8D2E /* ClipperOnBoarding.swift */,
				22B32249224DDE7900F2508A /* SignInViewController.swift */,
				22B3224B224DE8D900F2508A /* FetchClipperData.swift */,
				70F72F68223043C300A8BC0A /* ClipperAddCashViewController.swift */,
			);
			path = Clipper;
			sourceTree = "<group>";
		};
		227BBE6A21B4C78000D3169E /* APIs */ = {
			isa = PBXGroup;
			children = (
				227796CB21B6251F00BAF6BA /* Credentials.swift */,
				227BBE6B21B4C78E00D3169E /* Bird.swift */,
				2212935B223B0C080098D52F /* Lime.swift */,
				22F09752220683FC009881F8 /* BART.swift */,
				222A926C221A6D0200FD1367 /* GoogleMaps.swift */,
			);
			path = APIs;
			sourceTree = "<group>";
		};
		227BBE6F21B4F45100D3169E /* APIs */ = {
			isa = PBXGroup;
			children = (
				222A9272221A730000FD1367 /* testJson */,
				227BBE7021B4F48D00D3169E /* BirdTests.swift */,
				2212935D223B0F380098D52F /* LimeTests.swift */,
				22F097542206868E009881F8 /* BartTests.swift */,
				222A926E221A721D00FD1367 /* GoogleMapsTests.swift */,
			);
			path = APIs;
			sourceTree = "<group>";
		};
		22B32244224DCF6800F2508A /* Controls */ = {
			isa = PBXGroup;
			children = (
				22B32245224DCF8D00F2508A /* BayPassButton.swift */,
				EC8CF4B2222F56BF0018E935 /* DropDownMenu.swift */,
			);
			path = Controls;
			sourceTree = "<group>";
		};
		22B83C5F224EAF5C00D1D64E /* Controller */ = {
			isa = PBXGroup;
			children = (
				22B3225722533CF100F2508A /* ClipperViewControllerTests.swift */,
				22DB02412254579F00B8D600 /* ClipperOnBoardingTests.swift */,
				22DB024322545DBC00B8D600 /* ClipperAddCashTests.swift */,
				22B83C5C224EAF3C00D1D64E /* FetchClipperDataTests.swift */,
				22DB023F225450B900B8D600 /* ClipperSignInTests.swift */,
			);
			path = Controller;
			sourceTree = "<group>";
		};
		22FF60202263252400AEC7C7 /* Ticket */ = {
			isa = PBXGroup;
			children = (
				22FF60212263264600AEC7C7 /* TicketViewController.swift */,
				2245E8842263234900A3F088 /* TVCCollectionView.swift */,
				2245E8862263238400A3F088 /* TVCTableView.swift */,
				70F72F662230439900A8BC0A /* TicketCheckoutViewController.swift */,
			);
			path = Ticket;
			sourceTree = "<group>";
		};
		52C03E090F2FCB75E3C93ADB /* Pods */ = {
			isa = PBXGroup;
			children = (
				6AE3578513C59E0ED24985ED /* Pods-BayPass.debug.xcconfig */,
				F3C991BFA884D85FF2F805DF /* Pods-BayPass.release.xcconfig */,
				A96336530BAD67EFB32EF7E0 /* Pods-BayPassTests.debug.xcconfig */,
				4D4F7368CE1FD8AB6E3F8FE1 /* Pods-BayPassTests.release.xcconfig */,
				C4CE3C0E191A1E9A66EDDE84 /* Pods-BayPassUITests.debug.xcconfig */,
				1D31F2CAC184996691217676 /* Pods-BayPassUITests.release.xcconfig */,
			);
			name = Pods;
			sourceTree = "<group>";
		};
		6A009191217EAD580087A32B /* Map */ = {
			isa = PBXGroup;
			children = (
				6ABF9835218250B0006878E4 /* Agency.swift */,
				6ABF9836218250B0006878E4 /* Line.swift */,
				6ABF9837218250B1006878E4 /* Station.swift */,
				6ABF9834218250B0006878E4 /* TransitMode.swift */,
				6A00918D217EAB1D0087A32B /* BikeDock.swift */,
				6A00918F217EACCD0087A32B /* Scooter.swift */,
				6A009192217EAD820087A32B /* ScooterCompany.swift */,
				6A3F2CB521816B46006DA755 /* Route.swift */,
				22C331B82186B80800836173 /* RouteSegment.swift */,
				22C331BA2186B88000836173 /* TravelMode.swift */,
				6A0ED235217BFA4B003CD497 /* MapAnnotation.swift */,
			);
			path = Map;
			sourceTree = "<group>";
		};
		6A009194217EAF090087A32B /* Ticket */ = {
			isa = PBXGroup;
			children = (
				6A009195217EAF1A0087A32B /* ClipperCard.swift */,
				6A009197217EAF800087A32B /* Pass.swift */,
				6A009199217EAFFE0087A32B /* Ticket.swift */,
			);
			path = Ticket;
			sourceTree = "<group>";
		};
		6A3F2CB721816FD4006DA755 /* Model */ = {
			isa = PBXGroup;
			children = (
				6A009191217EAD580087A32B /* Map */,
				6A009194217EAF090087A32B /* Ticket */,
				22B40EFB225815B5009520C6 /* PaymentMethod.swift */,
				22B3224D224EFEEA00F2508A /* UserManager.swift */,
			);
			path = Model;
			sourceTree = "<group>";
		};
		6AB6ED0B2186816100A81302 /* Model */ = {
			isa = PBXGroup;
			children = (
				6AB6ED0C2186816800A81302 /* Map */,
				6AB6ED112186820400A81302 /* Ticket */,
				22A4E58F22597F0400DF8AD9 /* UserManagerTests.swift */,
			);
			path = Model;
			sourceTree = "<group>";
		};
		6AB6ED0C2186816800A81302 /* Map */ = {
			isa = PBXGroup;
			children = (
				22B534372231D6DC007F4098 /* DestinationRoutingTests.swift */,
				6AB6ED012186808E00A81302 /* AgencyTests.swift */,
				6AB6ED032186809F00A81302 /* LineTests.swift */,
				6AB6ED05218680AB00A81302 /* StationTests.swift */,
				6AB6ED09218680C300A81302 /* BikeDockTests.swift */,
				6AB6ED0D2186818600A81302 /* ScooterTests.swift */,
				6AAFCD1921854723004021E8 /* ScooterCompanyTests.swift */,
				6AB6ED0F2186819900A81302 /* RouteTests.swift */,
				2262C31D2187ED24000586EE /* RouteSegmentTests.swift */,
				2262C31F2187FD68000586EE /* MapAnnotationTests.swift */,
			);
			path = Map;
			sourceTree = "<group>";
		};
		6AB6ED112186820400A81302 /* Ticket */ = {
			isa = PBXGroup;
			children = (
				6AB6ED122186821800A81302 /* ClipperCardTests.swift */,
				6AB6ED142186822300A81302 /* PassTests.swift */,
				6AB6ED162186822D00A81302 /* TicketTests.swift */,
			);
			path = Ticket;
			sourceTree = "<group>";
		};
		E1C9A42F6ABBA89034F445B2 /* Frameworks */ = {
			isa = PBXGroup;
			children = (
				BC737C8C1C489644ABDDFE78 /* Pods_BayPass.framework */,
				6C9E10235387E04CAF9B6BB9 /* Pods_BayPassTests.framework */,
				62B2E1F74981CC584A06A053 /* libPods-BayPassUITests.a */,
			);
			name = Frameworks;
			sourceTree = "<group>";
		};
/* End PBXGroup section */

/* Begin PBXNativeTarget section */
		22049D99214C9DF0007FF904 /* BayPass */ = {
			isa = PBXNativeTarget;
			buildConfigurationList = 22049DC2214C9DF3007FF904 /* Build configuration list for PBXNativeTarget "BayPass" */;
			buildPhases = (
				B9A2D893FD1E3C201701D762 /* [CP] Check Pods Manifest.lock */,
				227796C821B6184700BAF6BA /* Import environment variables */,
				22049D96214C9DF0007FF904 /* Sources */,
				22049D97214C9DF0007FF904 /* Frameworks */,
				22049D98214C9DF0007FF904 /* Resources */,
				69ACA15811A9556F80A997EC /* [CP] Embed Pods Frameworks */,
			);
			buildRules = (
			);
			dependencies = (
			);
			name = BayPass;
			productName = BayPass;
			productReference = 22049D9A214C9DF0007FF904 /* BayPass.app */;
			productType = "com.apple.product-type.application";
		};
		22049DAD214C9DF2007FF904 /* BayPassTests */ = {
			isa = PBXNativeTarget;
			buildConfigurationList = 22049DC5214C9DF3007FF904 /* Build configuration list for PBXNativeTarget "BayPassTests" */;
			buildPhases = (
				BAD53253751CFEF91C36FD04 /* [CP] Check Pods Manifest.lock */,
				2212D6F2216DD1B800ADFE3D /* SwiftFormat */,
				22049DAA214C9DF2007FF904 /* Sources */,
				22049DAB214C9DF2007FF904 /* Frameworks */,
				22049DAC214C9DF2007FF904 /* Resources */,
			);
			buildRules = (
			);
			dependencies = (
				22049DB0214C9DF2007FF904 /* PBXTargetDependency */,
			);
			name = BayPassTests;
			productName = BayPassTests;
			productReference = 22049DAE214C9DF2007FF904 /* BayPassTests.xctest */;
			productType = "com.apple.product-type.bundle.unit-test";
		};
		22049DB8214C9DF3007FF904 /* BayPassUITests */ = {
			isa = PBXNativeTarget;
			buildConfigurationList = 22049DC8214C9DF3007FF904 /* Build configuration list for PBXNativeTarget "BayPassUITests" */;
			buildPhases = (
				3CCE354F2A3225BA94F4DFAB /* [CP] Check Pods Manifest.lock */,
				22049DB5214C9DF3007FF904 /* Sources */,
				22049DB6214C9DF3007FF904 /* Frameworks */,
				22049DB7214C9DF3007FF904 /* Resources */,
			);
			buildRules = (
			);
			dependencies = (
				22049DBB214C9DF3007FF904 /* PBXTargetDependency */,
			);
			name = BayPassUITests;
			productName = BayPassUITests;
			productReference = 22049DB9214C9DF3007FF904 /* BayPassUITests.xctest */;
			productType = "com.apple.product-type.bundle.ui-testing";
		};
/* End PBXNativeTarget section */

/* Begin PBXProject section */
		22049D92214C9DF0007FF904 /* Project object */ = {
			isa = PBXProject;
			attributes = {
				LastSwiftUpdateCheck = 1000;
				LastUpgradeCheck = 1000;
				ORGANIZATIONNAME = "Tim Roesner";
				TargetAttributes = {
					22049D99214C9DF0007FF904 = {
						CreatedOnToolsVersion = 10.0;
						SystemCapabilities = {
							com.apple.ApplePay = {
								enabled = 1;
							};
							com.apple.NearFieldCommunicationTagReading = {
								enabled = 1;
							};
						};
					};
					22049DAD214C9DF2007FF904 = {
						CreatedOnToolsVersion = 10.0;
						TestTargetID = 22049D99214C9DF0007FF904;
					};
					22049DB8214C9DF3007FF904 = {
						CreatedOnToolsVersion = 10.0;
						TestTargetID = 22049D99214C9DF0007FF904;
					};
				};
			};
			buildConfigurationList = 22049D95214C9DF0007FF904 /* Build configuration list for PBXProject "BayPass" */;
			compatibilityVersion = "Xcode 9.3";
			developmentRegion = en;
			hasScannedForEncodings = 0;
			knownRegions = (
				en,
				Base,
			);
			mainGroup = 22049D91214C9DF0007FF904;
			productRefGroup = 22049D9B214C9DF0007FF904 /* Products */;
			projectDirPath = "";
			projectRoot = "";
			targets = (
				22049D99214C9DF0007FF904 /* BayPass */,
				22049DAD214C9DF2007FF904 /* BayPassTests */,
				22049DB8214C9DF3007FF904 /* BayPassUITests */,
			);
		};
/* End PBXProject section */

/* Begin PBXResourcesBuildPhase section */
		22049D98214C9DF0007FF904 /* Resources */ = {
			isa = PBXResourcesBuildPhase;
			buildActionMask = 2147483647;
			files = (
				22049DA8214C9DF2007FF904 /* LaunchScreen.storyboard in Resources */,
				226697DF22396F24005B82EC /* Assets.xcassets in Resources */,
				2262C31A2182A165000586EE /* Localizable.strings in Resources */,
			);
			runOnlyForDeploymentPostprocessing = 0;
		};
		22049DAC214C9DF2007FF904 /* Resources */ = {
			isa = PBXResourcesBuildPhase;
			buildActionMask = 2147483647;
			files = (
				222A9274221A734000FD1367 /* GoogleDirections.json in Resources */,
			);
			runOnlyForDeploymentPostprocessing = 0;
		};
		22049DB7214C9DF3007FF904 /* Resources */ = {
			isa = PBXResourcesBuildPhase;
			buildActionMask = 2147483647;
			files = (
			);
			runOnlyForDeploymentPostprocessing = 0;
		};
/* End PBXResourcesBuildPhase section */

/* Begin PBXShellScriptBuildPhase section */
		2212D6F2216DD1B800ADFE3D /* SwiftFormat */ = {
			isa = PBXShellScriptBuildPhase;
			buildActionMask = 2147483647;
			files = (
			);
			inputFileListPaths = (
			);
			inputPaths = (
			);
			name = SwiftFormat;
			outputFileListPaths = (
			);
			outputPaths = (
			);
			runOnlyForDeploymentPostprocessing = 0;
			shellPath = /bin/sh;
			shellScript = "\"${PODS_ROOT}/SwiftFormat/CommandLineTool/swiftformat\" \"${SRCROOT}/BayPass\"\n";
		};
		227796C821B6184700BAF6BA /* Import environment variables */ = {
			isa = PBXShellScriptBuildPhase;
			buildActionMask = 2147483647;
			files = (
			);
			inputFileListPaths = (
			);
			inputPaths = (
				"$(SRCROOT)/create-credentials.rb",
			);
			name = "Import environment variables";
			outputFileListPaths = (
			);
			outputPaths = (
				"$(SRCROOT)/BayPass/APIs/Credentials.swift",
			);
			runOnlyForDeploymentPostprocessing = 0;
			shellPath = /bin/sh;
			shellScript = "if [ -f ${SRCROOT}/env-vars.sh ]\nthen\nsource ${SRCROOT}/env-vars.sh\nfi\n${SRCROOT}/create-credentials.rb\n";
		};
		3CCE354F2A3225BA94F4DFAB /* [CP] Check Pods Manifest.lock */ = {
			isa = PBXShellScriptBuildPhase;
			buildActionMask = 2147483647;
			files = (
			);
			inputPaths = (
				"${PODS_PODFILE_DIR_PATH}/Podfile.lock",
				"${PODS_ROOT}/Manifest.lock",
			);
			name = "[CP] Check Pods Manifest.lock";
			outputPaths = (
				"$(DERIVED_FILE_DIR)/Pods-BayPassUITests-checkManifestLockResult.txt",
			);
			runOnlyForDeploymentPostprocessing = 0;
			shellPath = /bin/sh;
			shellScript = "diff \"${PODS_PODFILE_DIR_PATH}/Podfile.lock\" \"${PODS_ROOT}/Manifest.lock\" > /dev/null\nif [ $? != 0 ] ; then\n    # print error to STDERR\n    echo \"error: The sandbox is not in sync with the Podfile.lock. Run 'pod install' or update your CocoaPods installation.\" >&2\n    exit 1\nfi\n# This output is used by Xcode 'outputs' to avoid re-running this script phase.\necho \"SUCCESS\" > \"${SCRIPT_OUTPUT_FILE_0}\"\n";
			showEnvVarsInLog = 0;
		};
		69ACA15811A9556F80A997EC /* [CP] Embed Pods Frameworks */ = {
			isa = PBXShellScriptBuildPhase;
			buildActionMask = 2147483647;
			files = (
			);
			inputFileListPaths = (
			);
			inputPaths = (
				"${SRCROOT}/Pods/Target Support Files/Pods-BayPass/Pods-BayPass-frameworks.sh",
				"${BUILT_PRODUCTS_DIR}/Alamofire/Alamofire.framework",
				"${BUILT_PRODUCTS_DIR}/Disk/Disk.framework",
				"${BUILT_PRODUCTS_DIR}/OverlayContainer/OverlayContainer.framework",
				"${BUILT_PRODUCTS_DIR}/SkyFloatingLabelTextField/SkyFloatingLabelTextField.framework",
				"${BUILT_PRODUCTS_DIR}/SnapKit/SnapKit.framework",
				"${BUILT_PRODUCTS_DIR}/Stripe/Stripe.framework",
				"${BUILT_PRODUCTS_DIR}/SwiftSoup/SwiftSoup.framework",
			);
			name = "[CP] Embed Pods Frameworks";
			outputFileListPaths = (
			);
			outputPaths = (
				"${TARGET_BUILD_DIR}/${FRAMEWORKS_FOLDER_PATH}/Alamofire.framework",
				"${TARGET_BUILD_DIR}/${FRAMEWORKS_FOLDER_PATH}/Disk.framework",
				"${TARGET_BUILD_DIR}/${FRAMEWORKS_FOLDER_PATH}/OverlayContainer.framework",
				"${TARGET_BUILD_DIR}/${FRAMEWORKS_FOLDER_PATH}/SkyFloatingLabelTextField.framework",
				"${TARGET_BUILD_DIR}/${FRAMEWORKS_FOLDER_PATH}/SnapKit.framework",
				"${TARGET_BUILD_DIR}/${FRAMEWORKS_FOLDER_PATH}/Stripe.framework",
				"${TARGET_BUILD_DIR}/${FRAMEWORKS_FOLDER_PATH}/SwiftSoup.framework",
			);
			runOnlyForDeploymentPostprocessing = 0;
			shellPath = /bin/sh;
			shellScript = "\"${SRCROOT}/Pods/Target Support Files/Pods-BayPass/Pods-BayPass-frameworks.sh\"\n";
			showEnvVarsInLog = 0;
		};
		B9A2D893FD1E3C201701D762 /* [CP] Check Pods Manifest.lock */ = {
			isa = PBXShellScriptBuildPhase;
			buildActionMask = 2147483647;
			files = (
			);
			inputPaths = (
				"${PODS_PODFILE_DIR_PATH}/Podfile.lock",
				"${PODS_ROOT}/Manifest.lock",
			);
			name = "[CP] Check Pods Manifest.lock";
			outputPaths = (
				"$(DERIVED_FILE_DIR)/Pods-BayPass-checkManifestLockResult.txt",
			);
			runOnlyForDeploymentPostprocessing = 0;
			shellPath = /bin/sh;
			shellScript = "diff \"${PODS_PODFILE_DIR_PATH}/Podfile.lock\" \"${PODS_ROOT}/Manifest.lock\" > /dev/null\nif [ $? != 0 ] ; then\n    # print error to STDERR\n    echo \"error: The sandbox is not in sync with the Podfile.lock. Run 'pod install' or update your CocoaPods installation.\" >&2\n    exit 1\nfi\n# This output is used by Xcode 'outputs' to avoid re-running this script phase.\necho \"SUCCESS\" > \"${SCRIPT_OUTPUT_FILE_0}\"\n";
			showEnvVarsInLog = 0;
		};
		BAD53253751CFEF91C36FD04 /* [CP] Check Pods Manifest.lock */ = {
			isa = PBXShellScriptBuildPhase;
			buildActionMask = 2147483647;
			files = (
			);
			inputPaths = (
				"${PODS_PODFILE_DIR_PATH}/Podfile.lock",
				"${PODS_ROOT}/Manifest.lock",
			);
			name = "[CP] Check Pods Manifest.lock";
			outputPaths = (
				"$(DERIVED_FILE_DIR)/Pods-BayPassTests-checkManifestLockResult.txt",
			);
			runOnlyForDeploymentPostprocessing = 0;
			shellPath = /bin/sh;
			shellScript = "diff \"${PODS_PODFILE_DIR_PATH}/Podfile.lock\" \"${PODS_ROOT}/Manifest.lock\" > /dev/null\nif [ $? != 0 ] ; then\n    # print error to STDERR\n    echo \"error: The sandbox is not in sync with the Podfile.lock. Run 'pod install' or update your CocoaPods installation.\" >&2\n    exit 1\nfi\n# This output is used by Xcode 'outputs' to avoid re-running this script phase.\necho \"SUCCESS\" > \"${SCRIPT_OUTPUT_FILE_0}\"\n";
			showEnvVarsInLog = 0;
		};
/* End PBXShellScriptBuildPhase section */

/* Begin PBXSourcesBuildPhase section */
		22049D96214C9DF0007FF904 /* Sources */ = {
			isa = PBXSourcesBuildPhase;
			buildActionMask = 2147483647;
			files = (
				224662E72229031300E86C66 /* MVCSearchDelegate.swift in Sources */,
				224662F5222B4BE600E86C66 /* UIViewController.swift in Sources */,
				2235A97321B8F672009EDAC7 /* Credentials.swift in Sources */,
				2262C31221829BE3000586EE /* UIColor.swift in Sources */,
				2262C31C2182A3D1000586EE /* MKPolyline.swift in Sources */,
				6A009193217EAD820087A32B /* ScooterCompany.swift in Sources */,
				22C331B92186B80800836173 /* RouteSegment.swift in Sources */,
				224662E32228FC9B00E86C66 /* MoveIndicator.swift in Sources */,
				22B3224A224DDE7900F2508A /* SignInViewController.swift in Sources */,
				224662EB2229136100E86C66 /* MVCLocationManager.swift in Sources */,
				6AAFCD1421853C59004021E8 /* MapAnnotation.swift in Sources */,
				22F09753220683FC009881F8 /* BART.swift in Sources */,
				6A009198217EAF800087A32B /* Pass.swift in Sources */,
				EC2641532265AC2D0081AC6E /* ClipperPassCheckoutViewController.swift in Sources */,
				6A00919A217EAFFE0087A32B /* Ticket.swift in Sources */,
				EC83AD6F2262C41300AF7588 /* TicketCarouselViewCell.swift in Sources */,
				222A926D221A6D0200FD1367 /* GoogleMaps.swift in Sources */,
				ECB6E64A2230488500BF5446 /* UIImageView.swift in Sources */,
				2245E8872263238400A3F088 /* TVCTableView.swift in Sources */,
				224662ED2229142100E86C66 /* SVCSearchBar.swift in Sources */,
				224662E12228F7D200E86C66 /* SearchViewController.swift in Sources */,
				22B40EFA2257FA9C009520C6 /* TextField.swift in Sources */,
				22B53434222D135D007F4098 /* Date.swift in Sources */,
				22B32253225324A100F2508A /* ProgressHUD.swift in Sources */,
				6AB6ECFF21867F1700A81302 /* ClipperViewController.swift in Sources */,
				6AB6ECFE21867F1700A81302 /* MapViewController.swift in Sources */,
				6A3F2CB621816B46006DA755 /* Route.swift in Sources */,
				ECCE1D52221D0053002F58AA /* PurchasedTicketCell.swift in Sources */,
				2227C3ED219C1A8D00053294 /* TicketView.swift in Sources */,
				EC14F1B621B64E28009F69CF /* ClipperView.swift in Sources */,
				227BBE6C21B4C78E00D3169E /* Bird.swift in Sources */,
				22B3224E224EFEEA00F2508A /* UserManager.swift in Sources */,
				70F72F69223043C300A8BC0A /* ClipperAddCashViewController.swift in Sources */,
				22B32246224DCF8D00F2508A /* BayPassButton.swift in Sources */,
				2266C740224DC513004C8D2E /* ClipperOnBoarding.swift in Sources */,
				6ABF983B218250B1006878E4 /* Line.swift in Sources */,
				6A009190217EACCD0087A32B /* Scooter.swift in Sources */,
				6A00918E217EAB1D0087A32B /* BikeDock.swift in Sources */,
				22B32255225329B400F2508A /* ClipperPassCollectionViewCell.swift in Sources */,
				EC2641572265B45D0081AC6E /* CPCollectionView.swift in Sources */,
				2245E8852263234900A3F088 /* TVCCollectionView.swift in Sources */,
				224662E52229011F00E86C66 /* SVCDelegate.swift in Sources */,
				224662F12229204200E86C66 /* EmptyView.swift in Sources */,
				22B3224C224DE8D900F2508A /* FetchClipperData.swift in Sources */,
				2212D7272179985400ADFE3D /* TabViewController.swift in Sources */,
				EC8CF4B3222F56BF0018E935 /* DropDownMenu.swift in Sources */,
				224662E92229059500E86C66 /* SVCTableView.swift in Sources */,
				22FF60222263264600AEC7C7 /* TicketViewController.swift in Sources */,
				2227C3EA219C198A00053294 /* CAGradientLayer.swift in Sources */,
				2262C31621829E4A000586EE /* Collection.swift in Sources */,
				2262C31821829F79000586EE /* String.swift in Sources */,
				EC26414F226599930081AC6E /* ClipperPassViewController.swift in Sources */,
				22C331BB2186B88000836173 /* TravelMode.swift in Sources */,
				6AAFCD1121853C59004021E8 /* AppDelegate.swift in Sources */,
				224662F3222B4B3200E86C66 /* MVCDestinationRouting.swift in Sources */,
				223AF96E22265949009EA730 /* StationSearchResultTableViewCell.swift in Sources */,
				6A009196217EAF1A0087A32B /* ClipperCard.swift in Sources */,
				70F72F672230439900A8BC0A /* TicketCheckoutViewController.swift in Sources */,
				2212935C223B0C080098D52F /* Lime.swift in Sources */,
				6ABF9839218250B1006878E4 /* TransitMode.swift in Sources */,
				224662EF22291EC600E86C66 /* MVCOverlay.swift in Sources */,
				224662F7222B557600E86C66 /* SearchFloatView.swift in Sources */,
				226697E3223A2750005B82EC /* Notification.Name.swift in Sources */,
				22B40EFC225815B5009520C6 /* PaymentMethod.swift in Sources */,
				222A9276221A7DE900FD1367 /* GMPolyline.swift in Sources */,
				6ABF983A218250B1006878E4 /* Agency.swift in Sources */,
				22B32248224DDDCF00F2508A /* CollectionViewCVC.swift in Sources */,
				22B53432222D1152007F4098 /* RouteOverView.swift in Sources */,
				6ABF983C218250B1006878E4 /* Station.swift in Sources */,
				223AF97222278965009EA730 /* DestinationSearchResultTableViewCell.swift in Sources */,
				22B53436222D1CB4007F4098 /* MVCMapDelegate.swift in Sources */,
				224662F9222B5A0B00E86C66 /* CustomTextField.swift in Sources */,
			);
			runOnlyForDeploymentPostprocessing = 0;
		};
		22049DAA214C9DF2007FF904 /* Sources */ = {
			isa = PBXSourcesBuildPhase;
			buildActionMask = 2147483647;
			files = (
				22ADA0D122604FF100AA9368 /* RouteOverViewTests.swift in Sources */,
				2262C31421829CE9000586EE /* ExtensionsTests.swift in Sources */,
				222A926F221A721D00FD1367 /* GoogleMapsTests.swift in Sources */,
				22B3225B2253E76100F2508A /* ProgressHUDTests.swift in Sources */,
				6AB6ED022186808E00A81302 /* AgencyTests.swift in Sources */,
				6AB6ED042186809F00A81302 /* LineTests.swift in Sources */,
				226697DD2238B0E7005B82EC /* MapViewControllerTests.swift in Sources */,
				226697E12239D9C1005B82EC /* CoderInitTests.swift in Sources */,
				22B3225D2253E8DE00F2508A /* ClipperPassCellTests.swift in Sources */,
				6AB6ED132186821800A81302 /* ClipperCardTests.swift in Sources */,
				6AB6ED0E2186818600A81302 /* ScooterTests.swift in Sources */,
				EC3B66A822278C8F004FFA23 /* PurchasedTicketCellTests.swift in Sources */,
				22B3225822533CF200F2508A /* ClipperViewControllerTests.swift in Sources */,
				ECC4B9612214C1D900BB8FFC /* ClipperViewTests.swift in Sources */,
				6AB6ED0A218680C300A81302 /* BikeDockTests.swift in Sources */,
				22DB02422254579F00B8D600 /* ClipperOnBoardingTests.swift in Sources */,
				EC83AD712262C48000AF7588 /* ticketCarouselViewCellTests.swift in Sources */,
				22A4E59022597F0400DF8AD9 /* UserManagerTests.swift in Sources */,
				22F097552206868E009881F8 /* BartTests.swift in Sources */,
				2262C3202187FD68000586EE /* MapAnnotationTests.swift in Sources */,
				223AF97422279289009EA730 /* DestinationSearchResultTableViewCellTests.swift in Sources */,
				223AF97022278209009EA730 /* StationSearchResultTableViewCellTests.swift in Sources */,
				6AB6ED172186822D00A81302 /* TicketTests.swift in Sources */,
				22DB0240225450B900B8D600 /* ClipperSignInTests.swift in Sources */,
				ECB6E64C223071B200BF5446 /* DropDownMenuTests.swift in Sources */,
				2262C31E2187ED24000586EE /* RouteSegmentTests.swift in Sources */,
				6AB6ED152186822300A81302 /* PassTests.swift in Sources */,
				227BBE7121B4F48D00D3169E /* BirdTests.swift in Sources */,
				22B83C5D224EAF3C00D1D64E /* FetchClipperDataTests.swift in Sources */,
				2227C3F0219CBE0C00053294 /* TicketViewTests.swift in Sources */,
				2212935E223B0F380098D52F /* LimeTests.swift in Sources */,
				6AB6ED06218680AB00A81302 /* StationTests.swift in Sources */,
				6AAFCD1A21854723004021E8 /* ScooterCompanyTests.swift in Sources */,
				22DB024422545DBC00B8D600 /* ClipperAddCashTests.swift in Sources */,
				6AB6ED102186819900A81302 /* RouteTests.swift in Sources */,
			);
			runOnlyForDeploymentPostprocessing = 0;
		};
		22049DB5214C9DF3007FF904 /* Sources */ = {
			isa = PBXSourcesBuildPhase;
			buildActionMask = 2147483647;
			files = (
				EC83AD732262EF9700AF7588 /* TicketViewControllerUITests.swift in Sources */,
				22049DBE214C9DF3007FF904 /* TabBarUITests.swift in Sources */,
				EC2641592265C4740081AC6E /* ClipperPassUITests.swift in Sources */,
				22B5343A2231D6F8007F4098 /* DestinationRoutingTests.swift in Sources */,
			);
			runOnlyForDeploymentPostprocessing = 0;
		};
/* End PBXSourcesBuildPhase section */

/* Begin PBXTargetDependency section */
		22049DB0214C9DF2007FF904 /* PBXTargetDependency */ = {
			isa = PBXTargetDependency;
			target = 22049D99214C9DF0007FF904 /* BayPass */;
			targetProxy = 22049DAF214C9DF2007FF904 /* PBXContainerItemProxy */;
		};
		22049DBB214C9DF3007FF904 /* PBXTargetDependency */ = {
			isa = PBXTargetDependency;
			target = 22049D99214C9DF0007FF904 /* BayPass */;
			targetProxy = 22049DBA214C9DF3007FF904 /* PBXContainerItemProxy */;
		};
/* End PBXTargetDependency section */

/* Begin PBXVariantGroup section */
		22049DA6214C9DF2007FF904 /* LaunchScreen.storyboard */ = {
			isa = PBXVariantGroup;
			children = (
				22049DA7214C9DF2007FF904 /* Base */,
			);
			name = LaunchScreen.storyboard;
			sourceTree = "<group>";
		};
/* End PBXVariantGroup section */

/* Begin XCBuildConfiguration section */
		22049DC0214C9DF3007FF904 /* Debug */ = {
			isa = XCBuildConfiguration;
			buildSettings = {
				ALWAYS_SEARCH_USER_PATHS = NO;
				CLANG_ANALYZER_NONNULL = YES;
				CLANG_ANALYZER_NUMBER_OBJECT_CONVERSION = YES_AGGRESSIVE;
				CLANG_CXX_LANGUAGE_STANDARD = "gnu++14";
				CLANG_CXX_LIBRARY = "libc++";
				CLANG_ENABLE_MODULES = YES;
				CLANG_ENABLE_OBJC_ARC = YES;
				CLANG_ENABLE_OBJC_WEAK = YES;
				CLANG_WARN_BLOCK_CAPTURE_AUTORELEASING = YES;
				CLANG_WARN_BOOL_CONVERSION = YES;
				CLANG_WARN_COMMA = YES;
				CLANG_WARN_CONSTANT_CONVERSION = YES;
				CLANG_WARN_DEPRECATED_OBJC_IMPLEMENTATIONS = YES;
				CLANG_WARN_DIRECT_OBJC_ISA_USAGE = YES_ERROR;
				CLANG_WARN_DOCUMENTATION_COMMENTS = YES;
				CLANG_WARN_EMPTY_BODY = YES;
				CLANG_WARN_ENUM_CONVERSION = YES;
				CLANG_WARN_INFINITE_RECURSION = YES;
				CLANG_WARN_INT_CONVERSION = YES;
				CLANG_WARN_NON_LITERAL_NULL_CONVERSION = YES;
				CLANG_WARN_OBJC_IMPLICIT_RETAIN_SELF = YES;
				CLANG_WARN_OBJC_LITERAL_CONVERSION = YES;
				CLANG_WARN_OBJC_ROOT_CLASS = YES_ERROR;
				CLANG_WARN_RANGE_LOOP_ANALYSIS = YES;
				CLANG_WARN_STRICT_PROTOTYPES = YES;
				CLANG_WARN_SUSPICIOUS_MOVE = YES;
				CLANG_WARN_UNGUARDED_AVAILABILITY = YES_AGGRESSIVE;
				CLANG_WARN_UNREACHABLE_CODE = YES;
				CLANG_WARN__DUPLICATE_METHOD_MATCH = YES;
				CODE_SIGN_IDENTITY = "iPhone Developer";
				COPY_PHASE_STRIP = NO;
				DEBUG_INFORMATION_FORMAT = dwarf;
				ENABLE_STRICT_OBJC_MSGSEND = YES;
				ENABLE_TESTABILITY = YES;
				GCC_C_LANGUAGE_STANDARD = gnu11;
				GCC_DYNAMIC_NO_PIC = NO;
				GCC_NO_COMMON_BLOCKS = YES;
				GCC_OPTIMIZATION_LEVEL = 0;
				GCC_PREPROCESSOR_DEFINITIONS = (
					"DEBUG=1",
					"$(inherited)",
				);
				GCC_WARN_64_TO_32_BIT_CONVERSION = YES;
				GCC_WARN_ABOUT_RETURN_TYPE = YES_ERROR;
				GCC_WARN_UNDECLARED_SELECTOR = YES;
				GCC_WARN_UNINITIALIZED_AUTOS = YES_AGGRESSIVE;
				GCC_WARN_UNUSED_FUNCTION = YES;
				GCC_WARN_UNUSED_VARIABLE = YES;
				IPHONEOS_DEPLOYMENT_TARGET = 11.0;
				MTL_ENABLE_DEBUG_INFO = INCLUDE_SOURCE;
				MTL_FAST_MATH = YES;
				ONLY_ACTIVE_ARCH = YES;
				SDKROOT = iphoneos;
				SWIFT_ACTIVE_COMPILATION_CONDITIONS = DEBUG;
				SWIFT_OPTIMIZATION_LEVEL = "-Onone";
			};
			name = Debug;
		};
		22049DC1214C9DF3007FF904 /* Release */ = {
			isa = XCBuildConfiguration;
			buildSettings = {
				ALWAYS_SEARCH_USER_PATHS = NO;
				CLANG_ANALYZER_NONNULL = YES;
				CLANG_ANALYZER_NUMBER_OBJECT_CONVERSION = YES_AGGRESSIVE;
				CLANG_CXX_LANGUAGE_STANDARD = "gnu++14";
				CLANG_CXX_LIBRARY = "libc++";
				CLANG_ENABLE_MODULES = YES;
				CLANG_ENABLE_OBJC_ARC = YES;
				CLANG_ENABLE_OBJC_WEAK = YES;
				CLANG_WARN_BLOCK_CAPTURE_AUTORELEASING = YES;
				CLANG_WARN_BOOL_CONVERSION = YES;
				CLANG_WARN_COMMA = YES;
				CLANG_WARN_CONSTANT_CONVERSION = YES;
				CLANG_WARN_DEPRECATED_OBJC_IMPLEMENTATIONS = YES;
				CLANG_WARN_DIRECT_OBJC_ISA_USAGE = YES_ERROR;
				CLANG_WARN_DOCUMENTATION_COMMENTS = YES;
				CLANG_WARN_EMPTY_BODY = YES;
				CLANG_WARN_ENUM_CONVERSION = YES;
				CLANG_WARN_INFINITE_RECURSION = YES;
				CLANG_WARN_INT_CONVERSION = YES;
				CLANG_WARN_NON_LITERAL_NULL_CONVERSION = YES;
				CLANG_WARN_OBJC_IMPLICIT_RETAIN_SELF = YES;
				CLANG_WARN_OBJC_LITERAL_CONVERSION = YES;
				CLANG_WARN_OBJC_ROOT_CLASS = YES_ERROR;
				CLANG_WARN_RANGE_LOOP_ANALYSIS = YES;
				CLANG_WARN_STRICT_PROTOTYPES = YES;
				CLANG_WARN_SUSPICIOUS_MOVE = YES;
				CLANG_WARN_UNGUARDED_AVAILABILITY = YES_AGGRESSIVE;
				CLANG_WARN_UNREACHABLE_CODE = YES;
				CLANG_WARN__DUPLICATE_METHOD_MATCH = YES;
				CODE_SIGN_IDENTITY = "iPhone Developer";
				COPY_PHASE_STRIP = NO;
				DEBUG_INFORMATION_FORMAT = "dwarf-with-dsym";
				ENABLE_NS_ASSERTIONS = NO;
				ENABLE_STRICT_OBJC_MSGSEND = YES;
				GCC_C_LANGUAGE_STANDARD = gnu11;
				GCC_NO_COMMON_BLOCKS = YES;
				GCC_WARN_64_TO_32_BIT_CONVERSION = YES;
				GCC_WARN_ABOUT_RETURN_TYPE = YES_ERROR;
				GCC_WARN_UNDECLARED_SELECTOR = YES;
				GCC_WARN_UNINITIALIZED_AUTOS = YES_AGGRESSIVE;
				GCC_WARN_UNUSED_FUNCTION = YES;
				GCC_WARN_UNUSED_VARIABLE = YES;
				IPHONEOS_DEPLOYMENT_TARGET = 11.0;
				MTL_ENABLE_DEBUG_INFO = NO;
				MTL_FAST_MATH = YES;
				SDKROOT = iphoneos;
				SWIFT_COMPILATION_MODE = wholemodule;
				SWIFT_OPTIMIZATION_LEVEL = "-O";
				VALIDATE_PRODUCT = YES;
			};
			name = Release;
		};
		22049DC3214C9DF3007FF904 /* Debug */ = {
			isa = XCBuildConfiguration;
			baseConfigurationReference = 6AE3578513C59E0ED24985ED /* Pods-BayPass.debug.xcconfig */;
			buildSettings = {
				ASSETCATALOG_COMPILER_APPICON_NAME = AppIcon;
				CODE_SIGN_ENTITLEMENTS = BayPass/BayPass.entitlements;
				CODE_SIGN_STYLE = Automatic;
				DEVELOPMENT_TEAM = 7BT7DC73YL;
				INFOPLIST_FILE = BayPass/Info.plist;
				LD_RUNPATH_SEARCH_PATHS = (
					"$(inherited)",
					"@executable_path/Frameworks",
				);
				PRODUCT_BUNDLE_IDENTIFIER = "com.timroesner.BayPass-1";
				PRODUCT_NAME = "$(TARGET_NAME)";
				SWIFT_VERSION = 4.2;
				TARGETED_DEVICE_FAMILY = 1;
			};
			name = Debug;
		};
		22049DC4214C9DF3007FF904 /* Release */ = {
			isa = XCBuildConfiguration;
			baseConfigurationReference = F3C991BFA884D85FF2F805DF /* Pods-BayPass.release.xcconfig */;
			buildSettings = {
				ASSETCATALOG_COMPILER_APPICON_NAME = AppIcon;
				CODE_SIGN_ENTITLEMENTS = BayPass/BayPass.entitlements;
				CODE_SIGN_STYLE = Automatic;
				DEVELOPMENT_TEAM = 7BT7DC73YL;
				INFOPLIST_FILE = BayPass/Info.plist;
				LD_RUNPATH_SEARCH_PATHS = (
					"$(inherited)",
					"@executable_path/Frameworks",
				);
				PRODUCT_BUNDLE_IDENTIFIER = "com.timroesner.BayPass-1";
				PRODUCT_NAME = "$(TARGET_NAME)";
				SWIFT_VERSION = 4.2;
				TARGETED_DEVICE_FAMILY = 1;
			};
			name = Release;
		};
		22049DC6214C9DF3007FF904 /* Debug */ = {
			isa = XCBuildConfiguration;
			baseConfigurationReference = A96336530BAD67EFB32EF7E0 /* Pods-BayPassTests.debug.xcconfig */;
			buildSettings = {
				ALWAYS_EMBED_SWIFT_STANDARD_LIBRARIES = YES;
				BUNDLE_LOADER = "$(TEST_HOST)";
				CODE_SIGN_STYLE = Automatic;
				DEVELOPMENT_TEAM = 7BT7DC73YL;
				INFOPLIST_FILE = BayPassTests/Info.plist;
				LD_RUNPATH_SEARCH_PATHS = (
					"$(inherited)",
					"@executable_path/Frameworks",
					"@loader_path/Frameworks",
				);
				PRODUCT_BUNDLE_IDENTIFIER = "com.timroesner.BayPass-1";
				PRODUCT_NAME = "$(TARGET_NAME)";
				SWIFT_VERSION = 4.2;
				TARGETED_DEVICE_FAMILY = "1,2";
				TEST_HOST = "$(BUILT_PRODUCTS_DIR)/BayPass.app/BayPass";
			};
			name = Debug;
		};
		22049DC7214C9DF3007FF904 /* Release */ = {
			isa = XCBuildConfiguration;
			baseConfigurationReference = 4D4F7368CE1FD8AB6E3F8FE1 /* Pods-BayPassTests.release.xcconfig */;
			buildSettings = {
				ALWAYS_EMBED_SWIFT_STANDARD_LIBRARIES = YES;
				BUNDLE_LOADER = "$(TEST_HOST)";
				CODE_SIGN_STYLE = Automatic;
				DEVELOPMENT_TEAM = 7BT7DC73YL;
				INFOPLIST_FILE = BayPassTests/Info.plist;
				LD_RUNPATH_SEARCH_PATHS = (
					"$(inherited)",
					"@executable_path/Frameworks",
					"@loader_path/Frameworks",
				);
				PRODUCT_BUNDLE_IDENTIFIER = "com.timroesner.BayPass-1";
				PRODUCT_NAME = "$(TARGET_NAME)";
				SWIFT_VERSION = 4.2;
				TARGETED_DEVICE_FAMILY = "1,2";
				TEST_HOST = "$(BUILT_PRODUCTS_DIR)/BayPass.app/BayPass";
			};
			name = Release;
		};
		22049DC9214C9DF3007FF904 /* Debug */ = {
			isa = XCBuildConfiguration;
			baseConfigurationReference = C4CE3C0E191A1E9A66EDDE84 /* Pods-BayPassUITests.debug.xcconfig */;
			buildSettings = {
				ALWAYS_EMBED_SWIFT_STANDARD_LIBRARIES = YES;
				CODE_SIGN_STYLE = Automatic;
				DEVELOPMENT_TEAM = 7BT7DC73YL;
				INFOPLIST_FILE = BayPassUITests/Info.plist;
				LD_RUNPATH_SEARCH_PATHS = (
					"$(inherited)",
					"@executable_path/Frameworks",
					"@loader_path/Frameworks",
				);
				PRODUCT_BUNDLE_IDENTIFIER = com.timroesner.BayPassUITests;
				PRODUCT_NAME = "$(TARGET_NAME)";
				SWIFT_VERSION = 4.2;
				TARGETED_DEVICE_FAMILY = "1,2";
				TEST_TARGET_NAME = BayPass;
			};
			name = Debug;
		};
		22049DCA214C9DF3007FF904 /* Release */ = {
			isa = XCBuildConfiguration;
			baseConfigurationReference = 1D31F2CAC184996691217676 /* Pods-BayPassUITests.release.xcconfig */;
			buildSettings = {
				ALWAYS_EMBED_SWIFT_STANDARD_LIBRARIES = YES;
				CODE_SIGN_STYLE = Automatic;
				DEVELOPMENT_TEAM = 7BT7DC73YL;
				INFOPLIST_FILE = BayPassUITests/Info.plist;
				LD_RUNPATH_SEARCH_PATHS = (
					"$(inherited)",
					"@executable_path/Frameworks",
					"@loader_path/Frameworks",
				);
				PRODUCT_BUNDLE_IDENTIFIER = com.timroesner.BayPassUITests;
				PRODUCT_NAME = "$(TARGET_NAME)";
				SWIFT_VERSION = 4.2;
				TARGETED_DEVICE_FAMILY = "1,2";
				TEST_TARGET_NAME = BayPass;
			};
			name = Release;
		};
/* End XCBuildConfiguration section */

/* Begin XCConfigurationList section */
		22049D95214C9DF0007FF904 /* Build configuration list for PBXProject "BayPass" */ = {
			isa = XCConfigurationList;
			buildConfigurations = (
				22049DC0214C9DF3007FF904 /* Debug */,
				22049DC1214C9DF3007FF904 /* Release */,
			);
			defaultConfigurationIsVisible = 0;
			defaultConfigurationName = Release;
		};
		22049DC2214C9DF3007FF904 /* Build configuration list for PBXNativeTarget "BayPass" */ = {
			isa = XCConfigurationList;
			buildConfigurations = (
				22049DC3214C9DF3007FF904 /* Debug */,
				22049DC4214C9DF3007FF904 /* Release */,
			);
			defaultConfigurationIsVisible = 0;
			defaultConfigurationName = Release;
		};
		22049DC5214C9DF3007FF904 /* Build configuration list for PBXNativeTarget "BayPassTests" */ = {
			isa = XCConfigurationList;
			buildConfigurations = (
				22049DC6214C9DF3007FF904 /* Debug */,
				22049DC7214C9DF3007FF904 /* Release */,
			);
			defaultConfigurationIsVisible = 0;
			defaultConfigurationName = Release;
		};
		22049DC8214C9DF3007FF904 /* Build configuration list for PBXNativeTarget "BayPassUITests" */ = {
			isa = XCConfigurationList;
			buildConfigurations = (
				22049DC9214C9DF3007FF904 /* Debug */,
				22049DCA214C9DF3007FF904 /* Release */,
			);
			defaultConfigurationIsVisible = 0;
			defaultConfigurationName = Release;
		};
/* End XCConfigurationList section */
	};
	rootObject = 22049D92214C9DF0007FF904 /* Project object */;
}
