PODS:
  - SnapKit (4.0.1)
  - SwiftFormat/CLI (0.35.6)

DEPENDENCIES:
  - SnapKit (~> 4.0.0)
  - SwiftFormat/CLI (= 0.35.6)

SPEC REPOS:
  https://github.com/cocoapods/specs.git:
    - SnapKit
    - SwiftFormat

SPEC CHECKSUMS:
  SnapKit: 0de968a9fec17499afa29683b05d0c775b6d1c29
  SwiftFormat: 92cd208b201c0a44dd65657280df42c37950261b

PODFILE CHECKSUM: b26822253886684d1f14d12c8c043831611824e8

COCOAPODS: 1.5.3
